// !$*UTF8*$!
{
	archiveVersion = 1;
	classes = {
	};
	objectVersion = 46;
	objects = {

/* Begin PBXBuildFile section */
		16335B3D15542C79002955C9 /* Main.cpp in Sources */ = {isa = PBXBuildFile; fileRef = 16335B3C15542C79002955C9 /* Main.cpp */; };
		16335B4315542CA9002955C9 /* TracePipeReceiver.cpp in Sources */ = {isa = PBXBuildFile; fileRef = 16335B3F15542CA9002955C9 /* TracePipeReceiver.cpp */; };
		16335B4415542CA9002955C9 /* Application.cpp in Sources */ = {isa = PBXBuildFile; fileRef = 16335B4015542CA9002955C9 /* Application.cpp */; };
		16335C2615543831002955C9 /* Application_Impl.cpp in Sources */ = {isa = PBXBuildFile; fileRef = 16335C2515543831002955C9 /* Application_Impl.cpp */; };
		16335C281554386E002955C9 /* CoreServices.framework in Frameworks */ = {isa = PBXBuildFile; fileRef = 16335C271554386E002955C9 /* CoreServices.framework */; };
		16335C2A15543882002955C9 /* Cocoa.framework in Frameworks */ = {isa = PBXBuildFile; fileRef = 16335C2915543882002955C9 /* Cocoa.framework */; };
/* End PBXBuildFile section */

/* Begin PBXCopyFilesBuildPhase section */
		16335B2015542BE6002955C9 /* CopyFiles */ = {
			isa = PBXCopyFilesBuildPhase;
			buildActionMask = 2147483647;
			dstPath = /usr/share/man/man1/;
			dstSubfolderSpec = 0;
			files = (
			);
			runOnlyForDeploymentPostprocessing = 1;
		};
/* End PBXCopyFilesBuildPhase section */

/* Begin PBXFileReference section */
		16335B2215542BE6002955C9 /* TraceViewerTcpBridge */ = {isa = PBXFileReference; explicitFileType = "compiled.mach-o.executable"; includeInIndex = 0; path = TraceViewerTcpBridge; sourceTree = BUILT_PRODUCTS_DIR; };
		16335B3C15542C79002955C9 /* Main.cpp */ = {isa = PBXFileReference; fileEncoding = 4; lastKnownFileType = sourcecode.cpp.cpp; name = Main.cpp; path = ../Sources/Main.cpp; sourceTree = "<group>"; };
		16335B3F15542CA9002955C9 /* TracePipeReceiver.cpp */ = {isa = PBXFileReference; fileEncoding = 4; lastKnownFileType = sourcecode.cpp.cpp; name = TracePipeReceiver.cpp; path = ../Sources/TracePipeReceiver.cpp; sourceTree = "<group>"; };
		16335B4015542CA9002955C9 /* Application.cpp */ = {isa = PBXFileReference; fileEncoding = 4; lastKnownFileType = sourcecode.cpp.cpp; name = Application.cpp; path = ../Sources/Application.cpp; sourceTree = "<group>"; };
		16335B4115542CA9002955C9 /* Application.hpp */ = {isa = PBXFileReference; fileEncoding = 4; lastKnownFileType = sourcecode.cpp.h; name = Application.hpp; path = ../Sources/Application.hpp; sourceTree = "<group>"; };
		16335B4215542CA9002955C9 /* TracePipeReceiver.hpp */ = {isa = PBXFileReference; fileEncoding = 4; lastKnownFileType = sourcecode.cpp.h; name = TracePipeReceiver.hpp; path = ../Sources/TracePipeReceiver.hpp; sourceTree = "<group>"; };
		16335C2515543831002955C9 /* Application_Impl.cpp */ = {isa = PBXFileReference; fileEncoding = 4; lastKnownFileType = sourcecode.cpp.cpp; name = Application_Impl.cpp; path = Sources/Application_Impl.cpp; sourceTree = "<group>"; };
		16335C271554386E002955C9 /* CoreServices.framework */ = {isa = PBXFileReference; lastKnownFileType = wrapper.framework; name = CoreServices.framework; path = ../../../../../../../System/Library/Frameworks/CoreServices.framework; sourceTree = "<group>"; };
		16335C2915543882002955C9 /* Cocoa.framework */ = {isa = PBXFileReference; lastKnownFileType = wrapper.framework; name = Cocoa.framework; path = ../../../../../../../System/Library/Frameworks/Cocoa.framework; sourceTree = "<group>"; };
/* End PBXFileReference section */

/* Begin PBXFrameworksBuildPhase section */
		16335B1F15542BE6002955C9 /* Frameworks */ = {
			isa = PBXFrameworksBuildPhase;
			buildActionMask = 2147483647;
			files = (
				16335C281554386E002955C9 /* CoreServices.framework in Frameworks */,
				16335C2A15543882002955C9 /* Cocoa.framework in Frameworks */,
			);
			runOnlyForDeploymentPostprocessing = 0;
		};
/* End PBXFrameworksBuildPhase section */

/* Begin PBXGroup section */
		16335B1715542BE6002955C9 = {
			isa = PBXGroup;
			children = (
				16335C2915543882002955C9 /* Cocoa.framework */,
				16335C271554386E002955C9 /* CoreServices.framework */,
				16335B3E15542C9A002955C9 /* New Group */,
				16335B2315542BE6002955C9 /* Products */,
			);
			sourceTree = "<group>";
		};
		16335B2315542BE6002955C9 /* Products */ = {
			isa = PBXGroup;
			children = (
				16335B2215542BE6002955C9 /* TraceViewerTcpBridge */,
			);
			name = Products;
			sourceTree = "<group>";
		};
		16335B3E15542C9A002955C9 /* New Group */ = {
			isa = PBXGroup;
			children = (
				16335C2515543831002955C9 /* Application_Impl.cpp */,
				16335B3C15542C79002955C9 /* Main.cpp */,
				16335B3F15542CA9002955C9 /* TracePipeReceiver.cpp */,
				16335B4015542CA9002955C9 /* Application.cpp */,
				16335B4115542CA9002955C9 /* Application.hpp */,
				16335B4215542CA9002955C9 /* TracePipeReceiver.hpp */,
			);
			name = "New Group";
			sourceTree = "<group>";
		};
/* End PBXGroup section */

/* Begin PBXNativeTarget section */
		16335B2115542BE6002955C9 /* TraceViewerTcpBridge */ = {
			isa = PBXNativeTarget;
			buildConfigurationList = 16335B2C15542BE6002955C9 /* Build configuration list for PBXNativeTarget "TraceViewerTcpBridge" */;
			buildPhases = (
				16335B1E15542BE6002955C9 /* Sources */,
				16335B1F15542BE6002955C9 /* Frameworks */,
				16335B2015542BE6002955C9 /* CopyFiles */,
			);
			buildRules = (
			);
			dependencies = (
			);
			name = TraceViewerTcpBridge;
			productName = TraceViewerTcpBridge;
			productReference = 16335B2215542BE6002955C9 /* TraceViewerTcpBridge */;
			productType = "com.apple.product-type.tool";
		};
/* End PBXNativeTarget section */

/* Begin PBXProject section */
		16335B1915542BE6002955C9 /* Project object */ = {
			isa = PBXProject;
			buildConfigurationList = 16335B1C15542BE6002955C9 /* Build configuration list for PBXProject "TraceViewerTcpBridge" */;
			compatibilityVersion = "Xcode 3.2";
			developmentRegion = English;
			hasScannedForEncodings = 0;
			knownRegions = (
				en,
			);
			mainGroup = 16335B1715542BE6002955C9;
			productRefGroup = 16335B2315542BE6002955C9 /* Products */;
			projectDirPath = "";
			projectRoot = "";
			targets = (
				16335B2115542BE6002955C9 /* TraceViewerTcpBridge */,
			);
		};
/* End PBXProject section */

/* Begin PBXSourcesBuildPhase section */
		16335B1E15542BE6002955C9 /* Sources */ = {
			isa = PBXSourcesBuildPhase;
			buildActionMask = 2147483647;
			files = (
				16335B3D15542C79002955C9 /* Main.cpp in Sources */,
				16335B4315542CA9002955C9 /* TracePipeReceiver.cpp in Sources */,
				16335B4415542CA9002955C9 /* Application.cpp in Sources */,
				16335C2615543831002955C9 /* Application_Impl.cpp in Sources */,
			);
			runOnlyForDeploymentPostprocessing = 0;
		};
/* End PBXSourcesBuildPhase section */

/* Begin XCBuildConfiguration section */
		16335B2A15542BE6002955C9 /* Debug */ = {
			isa = XCBuildConfiguration;
			buildSettings = {
				ALWAYS_SEARCH_USER_PATHS = NO;
				ARCHS = "$(ARCHS_STANDARD_64_BIT)";
				CONFIGURATION_BUILD_DIR = "./Builds/$(CONFIGURATION)$(EFFECTIVE_PLATFORM_NAME)";
				COPY_PHASE_STRIP = NO;
				GCC_C_LANGUAGE_STANDARD = gnu99;
				GCC_DYNAMIC_NO_PIC = NO;
				GCC_ENABLE_OBJC_EXCEPTIONS = YES;
				GCC_OPTIMIZATION_LEVEL = 0;
				GCC_PREPROCESSOR_DEFINITIONS = (
					"DEBUG=1",
					"$(inherited)",
				);
				GCC_SYMBOLS_PRIVATE_EXTERN = NO;
				GCC_VERSION = com.apple.compilers.llvm.clang.1_0;
				GCC_WARN_64_TO_32_BIT_CONVERSION = YES;
				GCC_WARN_ABOUT_MISSING_PROTOTYPES = YES;
				GCC_WARN_ABOUT_RETURN_TYPE = YES;
				GCC_WARN_UNUSED_VARIABLE = YES;
				HEADER_SEARCH_PATHS = (
					"$(NyxPath)/include",
					"$(NyxPath)/include/OSX",
					"$(NyxPath)/include/NyxNet",
				);
				LIBRARY_SEARCH_PATHS = "$(NyxPath)/Lib/OSX/Debug_64";
				MACOSX_DEPLOYMENT_TARGET = 10.7;
				ONLY_ACTIVE_ARCH = YES;
				OTHER_LDFLAGS = (
					"-lNyxBase",
					"-lNyxNet",
				);
				SDKROOT = macosx10.7;
				SYMROOT = ./Debug;
			};
			name = Debug;
		};
		16335B2B15542BE6002955C9 /* Release */ = {
			isa = XCBuildConfiguration;
			buildSettings = {
				ALWAYS_SEARCH_USER_PATHS = NO;
				ARCHS = "$(ARCHS_STANDARD_64_BIT)";
				CONFIGURATION_BUILD_DIR = "./Builds/$(CONFIGURATION)$(EFFECTIVE_PLATFORM_NAME)";
				COPY_PHASE_STRIP = YES;
				DEBUG_INFORMATION_FORMAT = "dwarf-with-dsym";
				GCC_C_LANGUAGE_STANDARD = gnu99;
				GCC_ENABLE_OBJC_EXCEPTIONS = YES;
				GCC_VERSION = com.apple.compilers.llvm.clang.1_0;
				GCC_WARN_64_TO_32_BIT_CONVERSION = YES;
				GCC_WARN_ABOUT_MISSING_PROTOTYPES = YES;
				GCC_WARN_ABOUT_RETURN_TYPE = YES;
				GCC_WARN_UNUSED_VARIABLE = YES;
				HEADER_SEARCH_PATHS = (
					"$(NyxPath)/include",
					"$(NyxPath)/include/OSX",
					"$(NyxPath)/include/NyxNet",
				);
				LIBRARY_SEARCH_PATHS = "$(NyxPath)/Lib/OSX/Debug_64";
				MACOSX_DEPLOYMENT_TARGET = 10.7;
				OTHER_LDFLAGS = (
					"-lNyxBase",
					"-lNyxNet",
				);
				SDKROOT = macosx10.7;
			};
			name = Release;
		};
		16335B2D15542BE6002955C9 /* Debug */ = {
			isa = XCBuildConfiguration;
			buildSettings = {
				NyxPath = ../../../Nyx;
				PRODUCT_NAME = "$(TARGET_NAME)";
			};
			name = Debug;
		};
		16335B2E15542BE6002955C9 /* Release */ = {
			isa = XCBuildConfiguration;
			buildSettings = {
				NyxPath = ../../../Nyx;
				PRODUCT_NAME = "$(TARGET_NAME)";
			};
			name = Release;
		};
/* End XCBuildConfiguration section */

/* Begin XCConfigurationList section */
		16335B1C15542BE6002955C9 /* Build configuration list for PBXProject "TraceViewerTcpBridge" */ = {
			isa = XCConfigurationList;
			buildConfigurations = (
				16335B2A15542BE6002955C9 /* Debug */,
				16335B2B15542BE6002955C9 /* Release */,
			);
			defaultConfigurationIsVisible = 0;
			defaultConfigurationName = Release;
		};
		16335B2C15542BE6002955C9 /* Build configuration list for PBXNativeTarget "TraceViewerTcpBridge" */ = {
			isa = XCConfigurationList;
			buildConfigurations = (
				16335B2D15542BE6002955C9 /* Debug */,
				16335B2E15542BE6002955C9 /* Release */,
			);
			defaultConfigurationIsVisible = 0;
			defaultConfigurationName = Release;
		};
/* End XCConfigurationList section */
	};
	rootObject = 16335B1915542BE6002955C9 /* Project object */;
}
