<?xml version="1.0" encoding="utf-8"?>
<Project ToolsVersion="4.0" xmlns="http://schemas.microsoft.com/developer/msbuild/2003">
  <ItemGroup>
    <Filter Include="Source Files">
      <UniqueIdentifier>{4FC737F1-C7A5-4376-A066-2A32D752A2FF}</UniqueIdentifier>
      <Extensions>cpp;c;cc;cxx;def;odl;idl;hpj;bat;asm;asmx</Extensions>
    </Filter>
    <Filter Include="Source Files\DataStruct">
      <UniqueIdentifier>{9c95ba66-ac2b-4e72-ab79-1a247cbe71ce}</UniqueIdentifier>
    </Filter>
  </ItemGroup>
  <ItemGroup>
    <ClCompile Include="..\sources\PipeTraceFeeder.cpp">
      <Filter>Source Files</Filter>
    </ClCompile>
    <ClCompile Include="..\sources\PoolsUpdateClock.cpp">
      <Filter>Source Files</Filter>
    </ClCompile>
    <ClCompile Include="..\sources\RepositoryObserver.cpp">
      <Filter>Source Files</Filter>
    </ClCompile>
    <ClCompile Include="..\sources\TcpModule.cpp">
      <Filter>Source Files</Filter>
    </ClCompile>
    <ClCompile Include="..\sources\TcpTracesReceiver.cpp">
      <Filter>Source Files</Filter>
    </ClCompile>
    <ClCompile Include="..\sources\TcpTracesReceivers.cpp">
      <Filter>Source Files</Filter>
    </ClCompile>
    <ClCompile Include="..\sources\TimeStamp.cpp">
      <Filter>Source Files</Filter>
    </ClCompile>
    <ClCompile Include="..\sources\TraceChannel.cpp">
      <Filter>Source Files</Filter>
    </ClCompile>
    <ClCompile Include="..\sources\TraceChannels.cpp">
      <Filter>Source Files</Filter>
    </ClCompile>
    <ClCompile Include="..\sources\TraceClientCoreModule.cpp">
      <Filter>Source Files</Filter>
    </ClCompile>
    <ClCompile Include="..\sources\TraceData.cpp">
      <Filter>Source Files</Filter>
    </ClCompile>
    <ClCompile Include="..\sources\TraceDataRepository.cpp">
      <Filter>Source Files</Filter>
    </ClCompile>
    <ClCompile Include="..\sources\TraceFeeder.cpp">
      <Filter>Source Files</Filter>
    </ClCompile>
    <ClCompile Include="..\sources\TraceNxStreamReader.cpp">
      <Filter>Source Files</Filter>
    </ClCompile>
    <ClCompile Include="..\sources\TracesPool.cpp">
      <Filter>Source Files</Filter>
    </ClCompile>
    <ClCompile Include="..\sources\TracesPoolCollection.cpp">
      <Filter>Source Files</Filter>
    </ClCompile>
    <ClCompile Include="..\sources\PoolsList.cpp">
      <Filter>Source Files\DataStruct</Filter>
    </ClCompile>
  </ItemGroup>
  <ItemGroup>
    <ClInclude Include="..\include\PipeTraceFeeder.hpp">
      <Filter>Source Files</Filter>
    </ClInclude>
    <ClInclude Include="..\include\PoolsUpdateClock.hpp">
      <Filter>Source Files</Filter>
    </ClInclude>
    <ClInclude Include="..\include\RepositoryObserver.hpp">
      <Filter>Source Files</Filter>
    </ClInclude>
    <ClInclude Include="..\include\TcpModule.hpp">
      <Filter>Source Files</Filter>
    </ClInclude>
    <ClInclude Include="..\include\TcpTracesReceiver.hpp">
      <Filter>Source Files</Filter>
    </ClInclude>
    <ClInclude Include="..\include\TcpTracesReceivers.hpp">
      <Filter>Source Files</Filter>
    </ClInclude>
    <ClInclude Include="..\include\TimeStamp.hpp">
      <Filter>Source Files</Filter>
    </ClInclude>
    <ClInclude Include="..\include\TraceChannel.hpp">
      <Filter>Source Files</Filter>
    </ClInclude>
    <ClInclude Include="..\include\TraceChannels.hpp">
      <Filter>Source Files</Filter>
    </ClInclude>
    <ClInclude Include="..\include\TraceClientCoreModule.hpp">
      <Filter>Source Files</Filter>
    </ClInclude>
    <ClInclude Include="..\include\TraceData.hpp">
      <Filter>Source Files</Filter>
    </ClInclude>
    <ClInclude Include="..\include\TraceDataRepository.hpp">
      <Filter>Source Files</Filter>
    </ClInclude>
    <ClInclude Include="..\include\TraceFeeder.hpp">
      <Filter>Source Files</Filter>
    </ClInclude>
    <ClInclude Include="..\include\TraceInserter.hpp">
      <Filter>Source Files</Filter>
    </ClInclude>
    <ClInclude Include="..\include\TracesPool.hpp">
      <Filter>Source Files</Filter>
    </ClInclude>
    <ClInclude Include="..\include\TracesPoolCollection.hpp">
      <Filter>Source Files</Filter>
    </ClInclude>
    <ClInclude Include="..\include\DataStruct\PoolsList.hpp">
      <Filter>Source Files\DataStruct</Filter>
    </ClInclude>
  </ItemGroup>
</Project>