// !$*UTF8*$!
{
	archiveVersion = 1;
	classes = {
	};
	objectVersion = 46;
	objects = {

/* Begin PBXBuildFile section */
		1604112A11B1C57E00E3F6AF /* PipeTraceFeeder.hpp in Headers */ = {isa = PBXBuildFile; fileRef = 1604112911B1C57E00E3F6AF /* PipeTraceFeeder.hpp */; };
		1604112D11B1C71E00E3F6AF /* PipeTraceFeeder.cpp in Sources */ = {isa = PBXBuildFile; fileRef = 1604112C11B1C71E00E3F6AF /* PipeTraceFeeder.cpp */; };
		16385ADA16D155FD004B6276 /* TraceData.cpp in Sources */ = {isa = PBXBuildFile; fileRef = 16385AD916D155FD004B6276 /* TraceData.cpp */; };
		16385ADC16D15611004B6276 /* TraceDataRepository.cpp in Sources */ = {isa = PBXBuildFile; fileRef = 16385ADB16D15611004B6276 /* TraceDataRepository.cpp */; };
		16385ADE16D15627004B6276 /* TraceClientCoreModule.cpp in Sources */ = {isa = PBXBuildFile; fileRef = 16385ADD16D15627004B6276 /* TraceClientCoreModule.cpp */; };
		16385AE016D15631004B6276 /* TracesPool.cpp in Sources */ = {isa = PBXBuildFile; fileRef = 16385ADF16D15631004B6276 /* TracesPool.cpp */; };
		16385AE216D15639004B6276 /* TracesPoolCollection.cpp in Sources */ = {isa = PBXBuildFile; fileRef = 16385AE116D15639004B6276 /* TracesPoolCollection.cpp */; };
		165977031127109B00CC718B /* TracesPoolCollection.hpp in Headers */ = {isa = PBXBuildFile; fileRef = 165977021127109B00CC718B /* TracesPoolCollection.hpp */; };
		165CF2E0114D7F49007430AE /* RepositoryObserver.hpp in Headers */ = {isa = PBXBuildFile; fileRef = 165CF2DE114D7F49007430AE /* RepositoryObserver.hpp */; };
		165CF2E4114D7F53007430AE /* RepositoryObserver.cpp in Sources */ = {isa = PBXBuildFile; fileRef = 165CF2E2114D7F53007430AE /* RepositoryObserver.cpp */; };
		16736F291649A28D0033DDC1 /* TcpTracesReceiversTable.cpp in Sources */ = {isa = PBXBuildFile; fileRef = 16736F281649A28D0033DDC1 /* TcpTracesReceiversTable.cpp */; };
		168CBEE814AA6FA6004FB957 /* TimeStamp.cpp in Sources */ = {isa = PBXBuildFile; fileRef = 168CBEE714AA6FA6004FB957 /* TimeStamp.cpp */; };
		168F947A17E77CE7006AA407 /* ChannelsMgr.cpp in Sources */ = {isa = PBXBuildFile; fileRef = 168F947917E77CE7006AA407 /* ChannelsMgr.cpp */; };
		169387371347ACB000691948 /* RepositoryTraceInserter.cpp in Sources */ = {isa = PBXBuildFile; fileRef = 169387361347ACB000691948 /* RepositoryTraceInserter.cpp */; };
		16A2773B14B23597002D6924 /* PoolsList.cpp in Sources */ = {isa = PBXBuildFile; fileRef = 16A2773A14B23597002D6924 /* PoolsList.cpp */; };
		16A2773D14B2479C002D6924 /* TraceNxStreamReader.hpp in Headers */ = {isa = PBXBuildFile; fileRef = 16A2773C14B2479C002D6924 /* TraceNxStreamReader.hpp */; };
		16A2773F14B24888002D6924 /* TraceNxStreamReader.cpp in Sources */ = {isa = PBXBuildFile; fileRef = 16A2773E14B24888002D6924 /* TraceNxStreamReader.cpp */; };
		16A2774114B24DAE002D6924 /* TcpModule.hpp in Headers */ = {isa = PBXBuildFile; fileRef = 16A2774014B24DAE002D6924 /* TcpModule.hpp */; };
		16A2774314B24E48002D6924 /* TcpModule.cpp in Sources */ = {isa = PBXBuildFile; fileRef = 16A2774214B24E48002D6924 /* TcpModule.cpp */; };
		16A2774714B24FDF002D6924 /* TcpTracesReceiversSvr.hpp in Headers */ = {isa = PBXBuildFile; fileRef = 16A2774614B24FDF002D6924 /* TcpTracesReceiversSvr.hpp */; };
		16A2774914B2504A002D6924 /* TcpTracesReceiversSvr.cpp in Sources */ = {isa = PBXBuildFile; fileRef = 16A2774814B2504A002D6924 /* TcpTracesReceiversSvr.cpp */; };
		16A563C414BA36A500466A23 /* TraceChannels.hpp in Headers */ = {isa = PBXBuildFile; fileRef = 16A563C314BA36A500466A23 /* TraceChannels.hpp */; };
		16A563C614BA36E900466A23 /* TraceChannels.cpp in Sources */ = {isa = PBXBuildFile; fileRef = 16A563C514BA36E900466A23 /* TraceChannels.cpp */; };
		16A563C814BA3CB800466A23 /* TraceChannel.hpp in Headers */ = {isa = PBXBuildFile; fileRef = 16A563C714BA3CB800466A23 /* TraceChannel.hpp */; };
		16A563CA14BA3CF100466A23 /* TraceChannel.cpp in Sources */ = {isa = PBXBuildFile; fileRef = 16A563C914BA3CF100466A23 /* TraceChannel.cpp */; };
		16AE9AF111A9D74A0064A5F9 /* TraceFeeder.hpp in Headers */ = {isa = PBXBuildFile; fileRef = 16AE9AF011A9D74A0064A5F9 /* TraceFeeder.hpp */; };
		16AE9AFA11A9DABA0064A5F9 /* TraceFeeder.cpp in Sources */ = {isa = PBXBuildFile; fileRef = 16AE9AF911A9DABA0064A5F9 /* TraceFeeder.cpp */; };
		16AE9B1A11A9E7FD0064A5F9 /* TraceInserter.hpp in Headers */ = {isa = PBXBuildFile; fileRef = 16AE9B1911A9E7FD0064A5F9 /* TraceInserter.hpp */; };
		16B09BC416AC3C80006638DC /* TcpTxtTracesReceiver.cpp in Sources */ = {isa = PBXBuildFile; fileRef = 16B09BC216AC3C80006638DC /* TcpTxtTracesReceiver.cpp */; };
		16B09BC516AC3C80006638DC /* TcpTxtTracesReceiversSvr.cpp in Sources */ = {isa = PBXBuildFile; fileRef = 16B09BC316AC3C80006638DC /* TcpTxtTracesReceiversSvr.cpp */; };
		16B09BC816AC3C8C006638DC /* TcpNxTracesReceiver.cpp in Sources */ = {isa = PBXBuildFile; fileRef = 16B09BC616AC3C8C006638DC /* TcpNxTracesReceiver.cpp */; };
		16B09BC916AC3C8C006638DC /* TcpNxTracesReceiversSvr.cpp in Sources */ = {isa = PBXBuildFile; fileRef = 16B09BC716AC3C8C006638DC /* TcpNxTracesReceiversSvr.cpp */; };
		16B09BCE16AC3CA9006638DC /* TcpNxTracesReceiver.hpp in Headers */ = {isa = PBXBuildFile; fileRef = 16B09BCA16AC3CA9006638DC /* TcpNxTracesReceiver.hpp */; };
		16B09BCF16AC3CA9006638DC /* TcpNxTracesReceiversSvr.hpp in Headers */ = {isa = PBXBuildFile; fileRef = 16B09BCB16AC3CA9006638DC /* TcpNxTracesReceiversSvr.hpp */; };
		16B09BD016AC3CA9006638DC /* TcpTxtTracesReceiver.hpp in Headers */ = {isa = PBXBuildFile; fileRef = 16B09BCC16AC3CA9006638DC /* TcpTxtTracesReceiver.hpp */; };
		16B09BD116AC3CA9006638DC /* TcpTxtTracesReceiversSvr.hpp in Headers */ = {isa = PBXBuildFile; fileRef = 16B09BCD16AC3CA9006638DC /* TcpTxtTracesReceiversSvr.hpp */; };
		16B09BD316ACEBFD006638DC /* TracesReceiverProtocol_WebSocket.cpp in Sources */ = {isa = PBXBuildFile; fileRef = 16B09BD216ACEBFD006638DC /* TracesReceiverProtocol_WebSocket.cpp */; };
		16B09BD516ACEC09006638DC /* TracesReceiverProtocol_WebSocket.hpp in Headers */ = {isa = PBXBuildFile; fileRef = 16B09BD416ACEC09006638DC /* TracesReceiverProtocol_WebSocket.hpp */; };
		16B09BD716ACEC30006638DC /* TextTraceHandler.hpp in Headers */ = {isa = PBXBuildFile; fileRef = 16B09BD616ACEC30006638DC /* TextTraceHandler.hpp */; };
		16B09BD916ACEC42006638DC /* TextTraceHandler.cpp in Sources */ = {isa = PBXBuildFile; fileRef = 16B09BD816ACEC42006638DC /* TextTraceHandler.cpp */; };
		16B09BDB16ACEC7C006638DC /* TracesReceiverProtocol.cpp in Sources */ = {isa = PBXBuildFile; fileRef = 16B09BDA16ACEC7C006638DC /* TracesReceiverProtocol.cpp */; };
		16B09BDD16ACEC8A006638DC /* TracesReceiverProtocol.hpp in Headers */ = {isa = PBXBuildFile; fileRef = 16B09BDC16ACEC8A006638DC /* TracesReceiverProtocol.hpp */; };
		16DF357E138CA19D008C3E30 /* PoolsUpdateClock.cpp in Sources */ = {isa = PBXBuildFile; fileRef = 16DF357D138CA19D008C3E30 /* PoolsUpdateClock.cpp */; };
		16DF3580138CA1A5008C3E30 /* PoolsUpdateClock.hpp in Headers */ = {isa = PBXBuildFile; fileRef = 16DF357F138CA1A5008C3E30 /* PoolsUpdateClock.hpp */; };
		16E93BF514BBDBAB002B3C9C /* PoolsList.hpp in Headers */ = {isa = PBXBuildFile; fileRef = 16E93BF414BBDBAB002B3C9C /* PoolsList.hpp */; };
		16EECE691126406500465BE0 /* TraceData.hpp in Headers */ = {isa = PBXBuildFile; fileRef = 16EECE681126406500465BE0 /* TraceData.hpp */; };
		16EECE9F1126479800465BE0 /* TraceDataRepository.hpp in Headers */ = {isa = PBXBuildFile; fileRef = 16EECE9E1126479800465BE0 /* TraceDataRepository.hpp */; };
		16EECEEC11265A1A00465BE0 /* TraceClientCoreModule.hpp in Headers */ = {isa = PBXBuildFile; fileRef = 16EECEEB11265A1A00465BE0 /* TraceClientCoreModule.hpp */; };
		16EECEF711265D8A00465BE0 /* TracesPool.hpp in Headers */ = {isa = PBXBuildFile; fileRef = 16EECEF611265D8A00465BE0 /* TracesPool.hpp */; };
/* End PBXBuildFile section */

/* Begin PBXFileReference section */
		1604112911B1C57E00E3F6AF /* PipeTraceFeeder.hpp */ = {isa = PBXFileReference; fileEncoding = 4; lastKnownFileType = sourcecode.cpp.h; name = PipeTraceFeeder.hpp; path = ../include/PipeTraceFeeder.hpp; sourceTree = SOURCE_ROOT; };
		1604112C11B1C71E00E3F6AF /* PipeTraceFeeder.cpp */ = {isa = PBXFileReference; fileEncoding = 4; lastKnownFileType = sourcecode.cpp.cpp; name = PipeTraceFeeder.cpp; path = ../sources/PipeTraceFeeder.cpp; sourceTree = SOURCE_ROOT; };
		162E4F1E15E9A93E00142CC9 /* TcpTracesReceiversListener.hpp */ = {isa = PBXFileReference; lastKnownFileType = sourcecode.cpp.h; name = TcpTracesReceiversListener.hpp; path = ../include/TcpTracesReceiversListener.hpp; sourceTree = "<group>"; };
		16385AD916D155FD004B6276 /* TraceData.cpp */ = {isa = PBXFileReference; fileEncoding = 4; lastKnownFileType = sourcecode.cpp.cpp; name = TraceData.cpp; path = ../sources/TraceData.cpp; sourceTree = "<group>"; };
		16385ADB16D15611004B6276 /* TraceDataRepository.cpp */ = {isa = PBXFileReference; fileEncoding = 4; lastKnownFileType = sourcecode.cpp.cpp; name = TraceDataRepository.cpp; path = ../sources/TraceDataRepository.cpp; sourceTree = "<group>"; };
		16385ADD16D15627004B6276 /* TraceClientCoreModule.cpp */ = {isa = PBXFileReference; fileEncoding = 4; lastKnownFileType = sourcecode.cpp.cpp; name = TraceClientCoreModule.cpp; path = ../sources/TraceClientCoreModule.cpp; sourceTree = "<group>"; };
		16385ADF16D15631004B6276 /* TracesPool.cpp */ = {isa = PBXFileReference; fileEncoding = 4; lastKnownFileType = sourcecode.cpp.cpp; name = TracesPool.cpp; path = ../sources/TracesPool.cpp; sourceTree = "<group>"; };
		16385AE116D15639004B6276 /* TracesPoolCollection.cpp */ = {isa = PBXFileReference; fileEncoding = 4; lastKnownFileType = sourcecode.cpp.cpp; name = TracesPoolCollection.cpp; path = ../sources/TracesPoolCollection.cpp; sourceTree = "<group>"; };
		165977021127109B00CC718B /* TracesPoolCollection.hpp */ = {isa = PBXFileReference; fileEncoding = 4; lastKnownFileType = sourcecode.cpp.h; name = TracesPoolCollection.hpp; path = ../include/TracesPoolCollection.hpp; sourceTree = SOURCE_ROOT; };
		165CF2DE114D7F49007430AE /* RepositoryObserver.hpp */ = {isa = PBXFileReference; fileEncoding = 4; lastKnownFileType = sourcecode.cpp.h; name = RepositoryObserver.hpp; path = ../include/RepositoryObserver.hpp; sourceTree = SOURCE_ROOT; };
		165CF2E2114D7F53007430AE /* RepositoryObserver.cpp */ = {isa = PBXFileReference; fileEncoding = 4; lastKnownFileType = sourcecode.cpp.cpp; name = RepositoryObserver.cpp; path = ../sources/RepositoryObserver.cpp; sourceTree = SOURCE_ROOT; };
		16736F271649A1CD0033DDC1 /* TcpTracesReceiversTable.hpp */ = {isa = PBXFileReference; lastKnownFileType = sourcecode.cpp.h; name = TcpTracesReceiversTable.hpp; path = ../include/TcpTracesReceiversTable.hpp; sourceTree = "<group>"; };
		16736F281649A28D0033DDC1 /* TcpTracesReceiversTable.cpp */ = {isa = PBXFileReference; fileEncoding = 4; lastKnownFileType = sourcecode.cpp.cpp; name = TcpTracesReceiversTable.cpp; path = ../sources/TcpTracesReceiversTable.cpp; sourceTree = "<group>"; };
		168CBEE714AA6FA6004FB957 /* TimeStamp.cpp */ = {isa = PBXFileReference; fileEncoding = 4; lastKnownFileType = sourcecode.cpp.cpp; name = TimeStamp.cpp; path = ../sources/TimeStamp.cpp; sourceTree = "<group>"; };
		168F947817E77CD5006AA407 /* ChannelsMgr.hpp */ = {isa = PBXFileReference; lastKnownFileType = sourcecode.cpp.h; name = ChannelsMgr.hpp; path = ../include/ChannelsMgr.hpp; sourceTree = "<group>"; };
		168F947917E77CE7006AA407 /* ChannelsMgr.cpp */ = {isa = PBXFileReference; fileEncoding = 4; lastKnownFileType = sourcecode.cpp.cpp; name = ChannelsMgr.cpp; path = ../sources/ChannelsMgr.cpp; sourceTree = "<group>"; };
		169387361347ACB000691948 /* RepositoryTraceInserter.cpp */ = {isa = PBXFileReference; fileEncoding = 4; lastKnownFileType = sourcecode.cpp.cpp; name = RepositoryTraceInserter.cpp; path = ../sources/RepositoryTraceInserter.cpp; sourceTree = "<group>"; };
		16A2773A14B23597002D6924 /* PoolsList.cpp */ = {isa = PBXFileReference; fileEncoding = 4; lastKnownFileType = sourcecode.cpp.cpp; name = PoolsList.cpp; path = ../sources/PoolsList.cpp; sourceTree = "<group>"; };
		16A2773C14B2479C002D6924 /* TraceNxStreamReader.hpp */ = {isa = PBXFileReference; fileEncoding = 4; lastKnownFileType = sourcecode.cpp.h; name = TraceNxStreamReader.hpp; path = ../include/TraceNxStreamReader.hpp; sourceTree = "<group>"; };
		16A2773E14B24888002D6924 /* TraceNxStreamReader.cpp */ = {isa = PBXFileReference; fileEncoding = 4; lastKnownFileType = sourcecode.cpp.cpp; name = TraceNxStreamReader.cpp; path = ../sources/TraceNxStreamReader.cpp; sourceTree = "<group>"; };
		16A2774014B24DAE002D6924 /* TcpModule.hpp */ = {isa = PBXFileReference; fileEncoding = 4; lastKnownFileType = sourcecode.cpp.h; name = TcpModule.hpp; path = ../include/TcpModule.hpp; sourceTree = "<group>"; };
		16A2774214B24E48002D6924 /* TcpModule.cpp */ = {isa = PBXFileReference; fileEncoding = 4; lastKnownFileType = sourcecode.cpp.cpp; name = TcpModule.cpp; path = ../sources/TcpModule.cpp; sourceTree = "<group>"; };
		16A2774614B24FDF002D6924 /* TcpTracesReceiversSvr.hpp */ = {isa = PBXFileReference; fileEncoding = 4; lastKnownFileType = sourcecode.cpp.h; name = TcpTracesReceiversSvr.hpp; path = ../include/TcpTracesReceiversSvr.hpp; sourceTree = "<group>"; };
		16A2774814B2504A002D6924 /* TcpTracesReceiversSvr.cpp */ = {isa = PBXFileReference; fileEncoding = 4; lastKnownFileType = sourcecode.cpp.cpp; name = TcpTracesReceiversSvr.cpp; path = ../sources/TcpTracesReceiversSvr.cpp; sourceTree = "<group>"; };
		16A563C314BA36A500466A23 /* TraceChannels.hpp */ = {isa = PBXFileReference; fileEncoding = 4; lastKnownFileType = sourcecode.cpp.h; name = TraceChannels.hpp; path = ../include/TraceChannels.hpp; sourceTree = "<group>"; };
		16A563C514BA36E900466A23 /* TraceChannels.cpp */ = {isa = PBXFileReference; fileEncoding = 4; lastKnownFileType = sourcecode.cpp.cpp; name = TraceChannels.cpp; path = ../sources/TraceChannels.cpp; sourceTree = "<group>"; };
		16A563C714BA3CB800466A23 /* TraceChannel.hpp */ = {isa = PBXFileReference; fileEncoding = 4; lastKnownFileType = sourcecode.cpp.h; name = TraceChannel.hpp; path = ../include/TraceChannel.hpp; sourceTree = "<group>"; };
		16A563C914BA3CF100466A23 /* TraceChannel.cpp */ = {isa = PBXFileReference; fileEncoding = 4; lastKnownFileType = sourcecode.cpp.cpp; name = TraceChannel.cpp; path = ../sources/TraceChannel.cpp; sourceTree = "<group>"; };
		16AE9AF011A9D74A0064A5F9 /* TraceFeeder.hpp */ = {isa = PBXFileReference; fileEncoding = 4; lastKnownFileType = sourcecode.cpp.h; name = TraceFeeder.hpp; path = ../include/TraceFeeder.hpp; sourceTree = SOURCE_ROOT; };
		16AE9AF911A9DABA0064A5F9 /* TraceFeeder.cpp */ = {isa = PBXFileReference; fileEncoding = 4; lastKnownFileType = sourcecode.cpp.cpp; name = TraceFeeder.cpp; path = ../sources/TraceFeeder.cpp; sourceTree = SOURCE_ROOT; };
		16AE9B1911A9E7FD0064A5F9 /* TraceInserter.hpp */ = {isa = PBXFileReference; fileEncoding = 4; lastKnownFileType = sourcecode.cpp.h; name = TraceInserter.hpp; path = ../include/TraceInserter.hpp; sourceTree = SOURCE_ROOT; };
		16B09BC216AC3C80006638DC /* TcpTxtTracesReceiver.cpp */ = {isa = PBXFileReference; fileEncoding = 4; lastKnownFileType = sourcecode.cpp.cpp; name = TcpTxtTracesReceiver.cpp; path = ../sources/TcpTxtTracesReceiver.cpp; sourceTree = "<group>"; };
		16B09BC316AC3C80006638DC /* TcpTxtTracesReceiversSvr.cpp */ = {isa = PBXFileReference; fileEncoding = 4; lastKnownFileType = sourcecode.cpp.cpp; name = TcpTxtTracesReceiversSvr.cpp; path = ../sources/TcpTxtTracesReceiversSvr.cpp; sourceTree = "<group>"; };
		16B09BC616AC3C8C006638DC /* TcpNxTracesReceiver.cpp */ = {isa = PBXFileReference; fileEncoding = 4; lastKnownFileType = sourcecode.cpp.cpp; name = TcpNxTracesReceiver.cpp; path = ../sources/TcpNxTracesReceiver.cpp; sourceTree = "<group>"; };
		16B09BC716AC3C8C006638DC /* TcpNxTracesReceiversSvr.cpp */ = {isa = PBXFileReference; fileEncoding = 4; lastKnownFileType = sourcecode.cpp.cpp; name = TcpNxTracesReceiversSvr.cpp; path = ../sources/TcpNxTracesReceiversSvr.cpp; sourceTree = "<group>"; };
		16B09BCA16AC3CA9006638DC /* TcpNxTracesReceiver.hpp */ = {isa = PBXFileReference; fileEncoding = 4; lastKnownFileType = sourcecode.cpp.h; name = TcpNxTracesReceiver.hpp; path = ../include/TcpNxTracesReceiver.hpp; sourceTree = "<group>"; };
		16B09BCB16AC3CA9006638DC /* TcpNxTracesReceiversSvr.hpp */ = {isa = PBXFileReference; fileEncoding = 4; lastKnownFileType = sourcecode.cpp.h; name = TcpNxTracesReceiversSvr.hpp; path = ../include/TcpNxTracesReceiversSvr.hpp; sourceTree = "<group>"; };
		16B09BCC16AC3CA9006638DC /* TcpTxtTracesReceiver.hpp */ = {isa = PBXFileReference; fileEncoding = 4; lastKnownFileType = sourcecode.cpp.h; name = TcpTxtTracesReceiver.hpp; path = ../include/TcpTxtTracesReceiver.hpp; sourceTree = "<group>"; };
		16B09BCD16AC3CA9006638DC /* TcpTxtTracesReceiversSvr.hpp */ = {isa = PBXFileReference; fileEncoding = 4; lastKnownFileType = sourcecode.cpp.h; name = TcpTxtTracesReceiversSvr.hpp; path = ../include/TcpTxtTracesReceiversSvr.hpp; sourceTree = "<group>"; };
		16B09BD216ACEBFD006638DC /* TracesReceiverProtocol_WebSocket.cpp */ = {isa = PBXFileReference; fileEncoding = 4; lastKnownFileType = sourcecode.cpp.cpp; name = TracesReceiverProtocol_WebSocket.cpp; path = ../sources/TracesReceiverProtocol_WebSocket.cpp; sourceTree = "<group>"; };
		16B09BD416ACEC09006638DC /* TracesReceiverProtocol_WebSocket.hpp */ = {isa = PBXFileReference; fileEncoding = 4; lastKnownFileType = sourcecode.cpp.h; name = TracesReceiverProtocol_WebSocket.hpp; path = ../include/TracesReceiverProtocol_WebSocket.hpp; sourceTree = "<group>"; };
		16B09BD616ACEC30006638DC /* TextTraceHandler.hpp */ = {isa = PBXFileReference; fileEncoding = 4; lastKnownFileType = sourcecode.cpp.h; name = TextTraceHandler.hpp; path = ../include/TextTraceHandler.hpp; sourceTree = "<group>"; };
		16B09BD816ACEC42006638DC /* TextTraceHandler.cpp */ = {isa = PBXFileReference; fileEncoding = 4; lastKnownFileType = sourcecode.cpp.cpp; name = TextTraceHandler.cpp; path = ../sources/TextTraceHandler.cpp; sourceTree = "<group>"; };
		16B09BDA16ACEC7C006638DC /* TracesReceiverProtocol.cpp */ = {isa = PBXFileReference; fileEncoding = 4; lastKnownFileType = sourcecode.cpp.cpp; name = TracesReceiverProtocol.cpp; path = ../sources/TracesReceiverProtocol.cpp; sourceTree = "<group>"; };
		16B09BDC16ACEC8A006638DC /* TracesReceiverProtocol.hpp */ = {isa = PBXFileReference; fileEncoding = 4; lastKnownFileType = sourcecode.cpp.h; name = TracesReceiverProtocol.hpp; path = ../include/TracesReceiverProtocol.hpp; sourceTree = "<group>"; };
		16DF357D138CA19D008C3E30 /* PoolsUpdateClock.cpp */ = {isa = PBXFileReference; fileEncoding = 4; lastKnownFileType = sourcecode.cpp.cpp; name = PoolsUpdateClock.cpp; path = ../sources/PoolsUpdateClock.cpp; sourceTree = "<group>"; };
		16DF357F138CA1A5008C3E30 /* PoolsUpdateClock.hpp */ = {isa = PBXFileReference; fileEncoding = 4; lastKnownFileType = sourcecode.cpp.h; name = PoolsUpdateClock.hpp; path = ../include/PoolsUpdateClock.hpp; sourceTree = "<group>"; };
		16E93BF414BBDBAB002B3C9C /* PoolsList.hpp */ = {isa = PBXFileReference; fileEncoding = 4; lastKnownFileType = sourcecode.cpp.h; name = PoolsList.hpp; path = ../include/DataStruct/PoolsList.hpp; sourceTree = "<group>"; };
		16EECE681126406500465BE0 /* TraceData.hpp */ = {isa = PBXFileReference; fileEncoding = 4; lastKnownFileType = sourcecode.cpp.h; name = TraceData.hpp; path = ../include/TraceData.hpp; sourceTree = SOURCE_ROOT; };
		16EECE9E1126479800465BE0 /* TraceDataRepository.hpp */ = {isa = PBXFileReference; fileEncoding = 4; lastKnownFileType = sourcecode.cpp.h; name = TraceDataRepository.hpp; path = ../include/TraceDataRepository.hpp; sourceTree = SOURCE_ROOT; };
		16EECEEB11265A1A00465BE0 /* TraceClientCoreModule.hpp */ = {isa = PBXFileReference; fileEncoding = 4; lastKnownFileType = sourcecode.cpp.h; name = TraceClientCoreModule.hpp; path = ../include/TraceClientCoreModule.hpp; sourceTree = SOURCE_ROOT; };
		16EECEF611265D8A00465BE0 /* TracesPool.hpp */ = {isa = PBXFileReference; fileEncoding = 4; lastKnownFileType = sourcecode.cpp.h; name = TracesPool.hpp; path = ../include/TracesPool.hpp; sourceTree = SOURCE_ROOT; };
		D2AAC046055464E500DB518D /* libTraceClientCore.a */ = {isa = PBXFileReference; explicitFileType = archive.ar; includeInIndex = 0; path = libTraceClientCore.a; sourceTree = BUILT_PRODUCTS_DIR; };
/* End PBXFileReference section */

/* Begin PBXFrameworksBuildPhase section */
		D289987405E68DCB004EDB86 /* Frameworks */ = {
			isa = PBXFrameworksBuildPhase;
			buildActionMask = 2147483647;
			files = (
			);
			runOnlyForDeploymentPostprocessing = 0;
		};
/* End PBXFrameworksBuildPhase section */

/* Begin PBXGroup section */
		08FB7794FE84155DC02AAC07 /* TraceClientCore */ = {
			isa = PBXGroup;
			children = (
				08FB7795FE84155DC02AAC07 /* Source */,
				1AB674ADFE9D54B511CA2CBB /* Products */,
			);
			name = TraceClientCore;
			sourceTree = "<group>";
		};
		08FB7795FE84155DC02AAC07 /* Source */ = {
			isa = PBXGroup;
			children = (
				168F947717E77CB7006AA407 /* interface */,
				16AE9AED11A9D6160064A5F9 /* Feeders */,
				165977AF1128406B00CC718B /* Repository Links */,
				168CBEE714AA6FA6004FB957 /* TimeStamp.cpp */,
				16EECE681126406500465BE0 /* TraceData.hpp */,
				16385AD916D155FD004B6276 /* TraceData.cpp */,
				16385ADB16D15611004B6276 /* TraceDataRepository.cpp */,
				16EECE9E1126479800465BE0 /* TraceDataRepository.hpp */,
				16EECEEB11265A1A00465BE0 /* TraceClientCoreModule.hpp */,
				16385ADD16D15627004B6276 /* TraceClientCoreModule.cpp */,
				16EECEF611265D8A00465BE0 /* TracesPool.hpp */,
				16385ADF16D15631004B6276 /* TracesPool.cpp */,
				16DF357F138CA1A5008C3E30 /* PoolsUpdateClock.hpp */,
				165977021127109B00CC718B /* TracesPoolCollection.hpp */,
				16385AE116D15639004B6276 /* TracesPoolCollection.cpp */,
				16DF357D138CA19D008C3E30 /* PoolsUpdateClock.cpp */,
				16E93BF414BBDBAB002B3C9C /* PoolsList.hpp */,
				16A2773A14B23597002D6924 /* PoolsList.cpp */,
				16A2774014B24DAE002D6924 /* TcpModule.hpp */,
				16A2774214B24E48002D6924 /* TcpModule.cpp */,
				16B09BCA16AC3CA9006638DC /* TcpNxTracesReceiver.hpp */,
				16B09BCB16AC3CA9006638DC /* TcpNxTracesReceiversSvr.hpp */,
				16B09BCC16AC3CA9006638DC /* TcpTxtTracesReceiver.hpp */,
				16B09BCD16AC3CA9006638DC /* TcpTxtTracesReceiversSvr.hpp */,
				16A2774614B24FDF002D6924 /* TcpTracesReceiversSvr.hpp */,
				16A2774814B2504A002D6924 /* TcpTracesReceiversSvr.cpp */,
				16B09BDC16ACEC8A006638DC /* TracesReceiverProtocol.hpp */,
				16B09BDA16ACEC7C006638DC /* TracesReceiverProtocol.cpp */,
				16B09BD416ACEC09006638DC /* TracesReceiverProtocol_WebSocket.hpp */,
				16B09BD216ACEBFD006638DC /* TracesReceiverProtocol_WebSocket.cpp */,
				16B09BD616ACEC30006638DC /* TextTraceHandler.hpp */,
				16B09BD816ACEC42006638DC /* TextTraceHandler.cpp */,
				16B09BC616AC3C8C006638DC /* TcpNxTracesReceiver.cpp */,
				16B09BC716AC3C8C006638DC /* TcpNxTracesReceiversSvr.cpp */,
				16B09BC216AC3C80006638DC /* TcpTxtTracesReceiver.cpp */,
				16B09BC316AC3C80006638DC /* TcpTxtTracesReceiversSvr.cpp */,
				16A563C314BA36A500466A23 /* TraceChannels.hpp */,
				16A563C514BA36E900466A23 /* TraceChannels.cpp */,
				16A563C714BA3CB800466A23 /* TraceChannel.hpp */,
				16A563C914BA3CF100466A23 /* TraceChannel.cpp */,
				162E4F1E15E9A93E00142CC9 /* TcpTracesReceiversListener.hpp */,
				16736F271649A1CD0033DDC1 /* TcpTracesReceiversTable.hpp */,
				16736F281649A28D0033DDC1 /* TcpTracesReceiversTable.cpp */,
			);
			name = Source;
			sourceTree = "<group>";
		};
		165977AF1128406B00CC718B /* Repository Links */ = {
			isa = PBXGroup;
			children = (
				169387361347ACB000691948 /* RepositoryTraceInserter.cpp */,
				165CF2DE114D7F49007430AE /* RepositoryObserver.hpp */,
				165CF2E2114D7F53007430AE /* RepositoryObserver.cpp */,
			);
			name = "Repository Links";
			sourceTree = "<group>";
		};
		168F947717E77CB7006AA407 /* interface */ = {
			isa = PBXGroup;
			children = (
				168F947817E77CD5006AA407 /* ChannelsMgr.hpp */,
				168F947917E77CE7006AA407 /* ChannelsMgr.cpp */,
			);
			name = interface;
			sourceTree = "<group>";
		};
		16AE9AED11A9D6160064A5F9 /* Feeders */ = {
			isa = PBXGroup;
			children = (
				16AE9AF011A9D74A0064A5F9 /* TraceFeeder.hpp */,
				16AE9AF911A9DABA0064A5F9 /* TraceFeeder.cpp */,
				16AE9B1911A9E7FD0064A5F9 /* TraceInserter.hpp */,
				1604112911B1C57E00E3F6AF /* PipeTraceFeeder.hpp */,
				1604112C11B1C71E00E3F6AF /* PipeTraceFeeder.cpp */,
				16A2773C14B2479C002D6924 /* TraceNxStreamReader.hpp */,
				16A2773E14B24888002D6924 /* TraceNxStreamReader.cpp */,
			);
			name = Feeders;
			sourceTree = "<group>";
		};
		1AB674ADFE9D54B511CA2CBB /* Products */ = {
			isa = PBXGroup;
			children = (
				D2AAC046055464E500DB518D /* libTraceClientCore.a */,
			);
			name = Products;
			sourceTree = "<group>";
		};
/* End PBXGroup section */

/* Begin PBXHeadersBuildPhase section */
		D2AAC043055464E500DB518D /* Headers */ = {
			isa = PBXHeadersBuildPhase;
			buildActionMask = 2147483647;
			files = (
				16EECE691126406500465BE0 /* TraceData.hpp in Headers */,
				16EECE9F1126479800465BE0 /* TraceDataRepository.hpp in Headers */,
				16EECEEC11265A1A00465BE0 /* TraceClientCoreModule.hpp in Headers */,
				16EECEF711265D8A00465BE0 /* TracesPool.hpp in Headers */,
				165977031127109B00CC718B /* TracesPoolCollection.hpp in Headers */,
				165CF2E0114D7F49007430AE /* RepositoryObserver.hpp in Headers */,
				16AE9AF111A9D74A0064A5F9 /* TraceFeeder.hpp in Headers */,
				16AE9B1A11A9E7FD0064A5F9 /* TraceInserter.hpp in Headers */,
				1604112A11B1C57E00E3F6AF /* PipeTraceFeeder.hpp in Headers */,
				16DF3580138CA1A5008C3E30 /* PoolsUpdateClock.hpp in Headers */,
				16A2773D14B2479C002D6924 /* TraceNxStreamReader.hpp in Headers */,
				16A2774114B24DAE002D6924 /* TcpModule.hpp in Headers */,
				16A2774714B24FDF002D6924 /* TcpTracesReceiversSvr.hpp in Headers */,
				16A563C414BA36A500466A23 /* TraceChannels.hpp in Headers */,
				16A563C814BA3CB800466A23 /* TraceChannel.hpp in Headers */,
				16E93BF514BBDBAB002B3C9C /* PoolsList.hpp in Headers */,
				16B09BCE16AC3CA9006638DC /* TcpNxTracesReceiver.hpp in Headers */,
				16B09BCF16AC3CA9006638DC /* TcpNxTracesReceiversSvr.hpp in Headers */,
				16B09BD016AC3CA9006638DC /* TcpTxtTracesReceiver.hpp in Headers */,
				16B09BD116AC3CA9006638DC /* TcpTxtTracesReceiversSvr.hpp in Headers */,
				16B09BD516ACEC09006638DC /* TracesReceiverProtocol_WebSocket.hpp in Headers */,
				16B09BD716ACEC30006638DC /* TextTraceHandler.hpp in Headers */,
				16B09BDD16ACEC8A006638DC /* TracesReceiverProtocol.hpp in Headers */,
			);
			runOnlyForDeploymentPostprocessing = 0;
		};
/* End PBXHeadersBuildPhase section */

/* Begin PBXNativeTarget section */
		D2AAC045055464E500DB518D /* TraceClientCore */ = {
			isa = PBXNativeTarget;
			buildConfigurationList = 1DEB91EB08733DB70010E9CD /* Build configuration list for PBXNativeTarget "TraceClientCore" */;
			buildPhases = (
				D2AAC043055464E500DB518D /* Headers */,
				D2AAC044055464E500DB518D /* Sources */,
				D289987405E68DCB004EDB86 /* Frameworks */,
			);
			buildRules = (
			);
			dependencies = (
			);
			name = TraceClientCore;
			productName = TraceClientCore;
			productReference = D2AAC046055464E500DB518D /* libTraceClientCore.a */;
			productType = "com.apple.product-type.library.static";
		};
/* End PBXNativeTarget section */

/* Begin PBXProject section */
		08FB7793FE84155DC02AAC07 /* Project object */ = {
			isa = PBXProject;
			attributes = {
				LastUpgradeCheck = 0440;
			};
			buildConfigurationList = 1DEB91EF08733DB70010E9CD /* Build configuration list for PBXProject "TraceClientCore" */;
			compatibilityVersion = "Xcode 3.2";
			developmentRegion = English;
			hasScannedForEncodings = 1;
			knownRegions = (
				English,
				Japanese,
				French,
				German,
			);
			mainGroup = 08FB7794FE84155DC02AAC07 /* TraceClientCore */;
			projectDirPath = "";
			projectRoot = "";
			targets = (
				D2AAC045055464E500DB518D /* TraceClientCore */,
			);
		};
/* End PBXProject section */

/* Begin PBXSourcesBuildPhase section */
		D2AAC044055464E500DB518D /* Sources */ = {
			isa = PBXSourcesBuildPhase;
			buildActionMask = 2147483647;
			files = (
				165CF2E4114D7F53007430AE /* RepositoryObserver.cpp in Sources */,
				16AE9AFA11A9DABA0064A5F9 /* TraceFeeder.cpp in Sources */,
				1604112D11B1C71E00E3F6AF /* PipeTraceFeeder.cpp in Sources */,
				169387371347ACB000691948 /* RepositoryTraceInserter.cpp in Sources */,
				16DF357E138CA19D008C3E30 /* PoolsUpdateClock.cpp in Sources */,
				168CBEE814AA6FA6004FB957 /* TimeStamp.cpp in Sources */,
				16A2773B14B23597002D6924 /* PoolsList.cpp in Sources */,
				16A2773F14B24888002D6924 /* TraceNxStreamReader.cpp in Sources */,
				16A2774314B24E48002D6924 /* TcpModule.cpp in Sources */,
				16A2774914B2504A002D6924 /* TcpTracesReceiversSvr.cpp in Sources */,
				16A563C614BA36E900466A23 /* TraceChannels.cpp in Sources */,
				16A563CA14BA3CF100466A23 /* TraceChannel.cpp in Sources */,
				16736F291649A28D0033DDC1 /* TcpTracesReceiversTable.cpp in Sources */,
				16B09BC416AC3C80006638DC /* TcpTxtTracesReceiver.cpp in Sources */,
				16B09BC516AC3C80006638DC /* TcpTxtTracesReceiversSvr.cpp in Sources */,
				16B09BC816AC3C8C006638DC /* TcpNxTracesReceiver.cpp in Sources */,
				16B09BC916AC3C8C006638DC /* TcpNxTracesReceiversSvr.cpp in Sources */,
				16B09BD316ACEBFD006638DC /* TracesReceiverProtocol_WebSocket.cpp in Sources */,
				16B09BD916ACEC42006638DC /* TextTraceHandler.cpp in Sources */,
				16B09BDB16ACEC7C006638DC /* TracesReceiverProtocol.cpp in Sources */,
				16385ADA16D155FD004B6276 /* TraceData.cpp in Sources */,
				16385ADC16D15611004B6276 /* TraceDataRepository.cpp in Sources */,
				16385ADE16D15627004B6276 /* TraceClientCoreModule.cpp in Sources */,
				16385AE016D15631004B6276 /* TracesPool.cpp in Sources */,
				16385AE216D15639004B6276 /* TracesPoolCollection.cpp in Sources */,
				168F947A17E77CE7006AA407 /* ChannelsMgr.cpp in Sources */,
			);
			runOnlyForDeploymentPostprocessing = 0;
		};
/* End PBXSourcesBuildPhase section */

/* Begin XCBuildConfiguration section */
		16335C3115545587002955C9 /* Debug_32 */ = {
			isa = XCBuildConfiguration;
			buildSettings = {
				ARCHS = "$(ARCHS_STANDARD_32_BIT)";
				CONFIGURATION_BUILD_DIR = "../../Lib/OSX/$(CONFIGURATION)$(EFFECTIVE_PLATFORM_NAME)";
				DEBUG_INFORMATION_FORMAT = "dwarf-with-dsym";
				GCC_C_LANGUAGE_STANDARD = gnu99;
				GCC_OPTIMIZATION_LEVEL = 0;
				GCC_SYMBOLS_PRIVATE_EXTERN = NO;
				GCC_WARN_ABOUT_RETURN_TYPE = YES;
				GCC_WARN_UNUSED_VARIABLE = YES;
				HEADER_SEARCH_PATHS = (
					../include,
					"$(NyxPath)/include",
					"$(NyxPath)/include/OSX",
					"$(NyxPath)/include/NyxNet",
					"$(NyxPath)/include/OSX/NyxNet",
				);
				NyxPath = ../../../Nyx;
				ONLY_ACTIVE_ARCH = NO;
				SDKROOT = macosx;
			};
			name = Debug_32;
		};
		16335C3215545587002955C9 /* Debug_32 */ = {
			isa = XCBuildConfiguration;
			buildSettings = {
				ALWAYS_SEARCH_USER_PATHS = NO;
				ARCHS = "$(ARCHS_STANDARD_32_BIT)";
				COMBINE_HIDPI_IMAGES = YES;
				COPY_PHASE_STRIP = NO;
				DEBUG_INFORMATION_FORMAT = "dwarf-with-dsym";
				GCC_DYNAMIC_NO_PIC = NO;
				GCC_MODEL_TUNING = G5;
				GCC_OPTIMIZATION_LEVEL = 0;
				INSTALL_PATH = /usr/local/lib;
				PRODUCT_NAME = TraceClientCore;
			};
			name = Debug_32;
		};
		16335C331554558D002955C9 /* Debug_64 */ = {
			isa = XCBuildConfiguration;
			buildSettings = {
				ARCHS = "$(ARCHS_STANDARD_64_BIT)";
				CONFIGURATION_BUILD_DIR = "../../Lib/OSX/$(CONFIGURATION)$(EFFECTIVE_PLATFORM_NAME)";
				DEBUG_INFORMATION_FORMAT = "dwarf-with-dsym";
				GCC_C_LANGUAGE_STANDARD = gnu99;
				GCC_OPTIMIZATION_LEVEL = 0;
				GCC_SYMBOLS_PRIVATE_EXTERN = NO;
				GCC_WARN_ABOUT_RETURN_TYPE = YES;
				GCC_WARN_UNUSED_VARIABLE = YES;
				HEADER_SEARCH_PATHS = (
					../include,
					"$(NyxPath)/include",
					"$(NyxPath)/include/OSX",
					"$(NyxPath)/include/NyxNet",
					"$(NyxPath)/include/OSX/NyxNet",
				);
				NyxPath = ../../../Nyx;
				ONLY_ACTIVE_ARCH = NO;
				SDKROOT = macosx;
			};
			name = Debug_64;
		};
		16335C341554558D002955C9 /* Debug_64 */ = {
			isa = XCBuildConfiguration;
			buildSettings = {
				ALWAYS_SEARCH_USER_PATHS = NO;
				ARCHS = "$(ARCHS_STANDARD_64_BIT)";
				COMBINE_HIDPI_IMAGES = YES;
				COPY_PHASE_STRIP = NO;
				DEBUG_INFORMATION_FORMAT = "dwarf-with-dsym";
				GCC_DYNAMIC_NO_PIC = NO;
				GCC_MODEL_TUNING = G5;
				GCC_OPTIMIZATION_LEVEL = 0;
				INSTALL_PATH = /usr/local/lib;
				PRODUCT_NAME = TraceClientCore;
			};
			name = Debug_64;
		};
		16335C371554559C002955C9 /* Release_32 */ = {
			isa = XCBuildConfiguration;
			buildSettings = {
				ARCHS = "$(ARCHS_STANDARD_32_BIT)";
				CONFIGURATION_BUILD_DIR = "../../Lib/OSX/$(CONFIGURATION)";
				DEBUG_INFORMATION_FORMAT = "dwarf-with-dsym";
				GCC_C_LANGUAGE_STANDARD = gnu99;
				GCC_SYMBOLS_PRIVATE_EXTERN = NO;
				GCC_WARN_ABOUT_RETURN_TYPE = YES;
				GCC_WARN_UNUSED_VARIABLE = YES;
				HEADER_SEARCH_PATHS = (
					../include,
					"$(NyxPath)/include",
					"$(NyxPath)/include/OSX",
					"$(NyxPath)/include/NyxNet",
					"$(NyxPath)/include/OSX/NyxNet",
				);
				NyxPath = ../../../Nyx;
				SDKROOT = macosx;
			};
			name = Release_32;
		};
		16335C381554559C002955C9 /* Release_32 */ = {
			isa = XCBuildConfiguration;
			buildSettings = {
				ALWAYS_SEARCH_USER_PATHS = NO;
				ARCHS = "$(ARCHS_STANDARD_32_BIT)";
				COMBINE_HIDPI_IMAGES = YES;
				DEBUG_INFORMATION_FORMAT = "dwarf-with-dsym";
				GCC_MODEL_TUNING = G5;
				INSTALL_PATH = /usr/local/lib;
				PRODUCT_NAME = TraceClientCore;
			};
			name = Release_32;
		};
		16335C39155455A2002955C9 /* Release_64 */ = {
			isa = XCBuildConfiguration;
			buildSettings = {
				ARCHS = "$(ARCHS_STANDARD_64_BIT)";
				CONFIGURATION_BUILD_DIR = "../../Lib/OSX/$(CONFIGURATION)";
				DEBUG_INFORMATION_FORMAT = "dwarf-with-dsym";
				GCC_C_LANGUAGE_STANDARD = gnu99;
				GCC_SYMBOLS_PRIVATE_EXTERN = NO;
				GCC_WARN_ABOUT_RETURN_TYPE = YES;
				GCC_WARN_UNUSED_VARIABLE = YES;
				HEADER_SEARCH_PATHS = (
					../include,
					"$(NyxPath)/include",
					"$(NyxPath)/include/OSX",
					"$(NyxPath)/include/NyxNet",
					"$(NyxPath)/include/OSX/NyxNet",
				);
				NyxPath = ../../../Nyx;
				SDKROOT = macosx;
			};
			name = Release_64;
		};
		16335C3A155455A2002955C9 /* Release_64 */ = {
			isa = XCBuildConfiguration;
			buildSettings = {
				ALWAYS_SEARCH_USER_PATHS = NO;
				ARCHS = "$(ARCHS_STANDARD_64_BIT)";
				COMBINE_HIDPI_IMAGES = YES;
				DEBUG_INFORMATION_FORMAT = "dwarf-with-dsym";
				GCC_MODEL_TUNING = G5;
				INSTALL_PATH = /usr/local/lib;
				PRODUCT_NAME = TraceClientCore;
			};
			name = Release_64;
		};
/* End XCBuildConfiguration section */

/* Begin XCConfigurationList section */
		1DEB91EB08733DB70010E9CD /* Build configuration list for PBXNativeTarget "TraceClientCore" */ = {
			isa = XCConfigurationList;
			buildConfigurations = (
				16335C341554558D002955C9 /* Debug_64 */,
				16335C3215545587002955C9 /* Debug_32 */,
				16335C3A155455A2002955C9 /* Release_64 */,
				16335C381554559C002955C9 /* Release_32 */,
			);
			defaultConfigurationIsVisible = 0;
			defaultConfigurationName = Debug_64;
		};
		1DEB91EF08733DB70010E9CD /* Build configuration list for PBXProject "TraceClientCore" */ = {
			isa = XCConfigurationList;
			buildConfigurations = (
				16335C331554558D002955C9 /* Debug_64 */,
				16335C3115545587002955C9 /* Debug_32 */,
				16335C39155455A2002955C9 /* Release_64 */,
				16335C371554559C002955C9 /* Release_32 */,
			);
			defaultConfigurationIsVisible = 0;
			defaultConfigurationName = Debug_64;
		};
/* End XCConfigurationList section */
	};
	rootObject = 08FB7793FE84155DC02AAC07 /* Project object */;
}
