// !$*UTF8*$!
{
	archiveVersion = 1;
	classes = {
	};
	objectVersion = 46;
	objects = {

/* Begin PBXBuildFile section */
		1604112A11B1C57E00E3F6AF /* PipeTraceFeeder.hpp in Headers */ = {isa = PBXBuildFile; fileRef = 1604112911B1C57E00E3F6AF /* PipeTraceFeeder.hpp */; };
		1604112D11B1C71E00E3F6AF /* PipeTraceFeeder.cpp in Sources */ = {isa = PBXBuildFile; fileRef = 1604112C11B1C71E00E3F6AF /* PipeTraceFeeder.cpp */; };
		165976FF1127103C00CC718B /* TracesPoolCollection.cpp in Sources */ = {isa = PBXBuildFile; fileRef = 165976FE1127103C00CC718B /* TracesPoolCollection.cpp */; };
		165977031127109B00CC718B /* TracesPoolCollection.hpp in Headers */ = {isa = PBXBuildFile; fileRef = 165977021127109B00CC718B /* TracesPoolCollection.hpp */; };
		165CF2E0114D7F49007430AE /* RepositoryObserver.hpp in Headers */ = {isa = PBXBuildFile; fileRef = 165CF2DE114D7F49007430AE /* RepositoryObserver.hpp */; };
		165CF2E4114D7F53007430AE /* RepositoryObserver.cpp in Sources */ = {isa = PBXBuildFile; fileRef = 165CF2E2114D7F53007430AE /* RepositoryObserver.cpp */; };
		168CBEE814AA6FA6004FB957 /* TimeStamp.cpp in Sources */ = {isa = PBXBuildFile; fileRef = 168CBEE714AA6FA6004FB957 /* TimeStamp.cpp */; };
		169387371347ACB000691948 /* RepositoryTraceInserter.cpp in Sources */ = {isa = PBXBuildFile; fileRef = 169387361347ACB000691948 /* RepositoryTraceInserter.cpp */; };
		16A2773B14B23597002D6924 /* PoolsList.cpp in Sources */ = {isa = PBXBuildFile; fileRef = 16A2773A14B23597002D6924 /* PoolsList.cpp */; };
		16A2773D14B2479C002D6924 /* TraceNxStreamReader.hpp in Headers */ = {isa = PBXBuildFile; fileRef = 16A2773C14B2479C002D6924 /* TraceNxStreamReader.hpp */; };
		16A2773F14B24888002D6924 /* TraceNxStreamReader.cpp in Sources */ = {isa = PBXBuildFile; fileRef = 16A2773E14B24888002D6924 /* TraceNxStreamReader.cpp */; };
		16A2774114B24DAE002D6924 /* TcpModule.hpp in Headers */ = {isa = PBXBuildFile; fileRef = 16A2774014B24DAE002D6924 /* TcpModule.hpp */; };
		16A2774314B24E48002D6924 /* TcpModule.cpp in Sources */ = {isa = PBXBuildFile; fileRef = 16A2774214B24E48002D6924 /* TcpModule.cpp */; };
		16A2774514B24F9D002D6924 /* TcpTracesReceiver.hpp in Headers */ = {isa = PBXBuildFile; fileRef = 16A2774414B24F9C002D6924 /* TcpTracesReceiver.hpp */; };
		16A2774714B24FDF002D6924 /* TcpTracesReceivers.hpp in Headers */ = {isa = PBXBuildFile; fileRef = 16A2774614B24FDF002D6924 /* TcpTracesReceivers.hpp */; };
		16A2774914B2504A002D6924 /* TcpTracesReceivers.cpp in Sources */ = {isa = PBXBuildFile; fileRef = 16A2774814B2504A002D6924 /* TcpTracesReceivers.cpp */; };
		16A2774B14B254B3002D6924 /* TcpTracesReceiver.cpp in Sources */ = {isa = PBXBuildFile; fileRef = 16A2774A14B254B3002D6924 /* TcpTracesReceiver.cpp */; };
		16A563C414BA36A500466A23 /* TraceChannels.hpp in Headers */ = {isa = PBXBuildFile; fileRef = 16A563C314BA36A500466A23 /* TraceChannels.hpp */; };
		16A563C614BA36E900466A23 /* TraceChannels.cpp in Sources */ = {isa = PBXBuildFile; fileRef = 16A563C514BA36E900466A23 /* TraceChannels.cpp */; };
		16A563C814BA3CB800466A23 /* TraceChannel.hpp in Headers */ = {isa = PBXBuildFile; fileRef = 16A563C714BA3CB800466A23 /* TraceChannel.hpp */; };
		16A563CA14BA3CF100466A23 /* TraceChannel.cpp in Sources */ = {isa = PBXBuildFile; fileRef = 16A563C914BA3CF100466A23 /* TraceChannel.cpp */; };
		16AE9AF111A9D74A0064A5F9 /* TraceFeeder.hpp in Headers */ = {isa = PBXBuildFile; fileRef = 16AE9AF011A9D74A0064A5F9 /* TraceFeeder.hpp */; };
		16AE9AFA11A9DABA0064A5F9 /* TraceFeeder.cpp in Sources */ = {isa = PBXBuildFile; fileRef = 16AE9AF911A9DABA0064A5F9 /* TraceFeeder.cpp */; };
		16AE9B1A11A9E7FD0064A5F9 /* TraceInserter.hpp in Headers */ = {isa = PBXBuildFile; fileRef = 16AE9B1911A9E7FD0064A5F9 /* TraceInserter.hpp */; };
		16DF357E138CA19D008C3E30 /* PoolsUpdateClock.cpp in Sources */ = {isa = PBXBuildFile; fileRef = 16DF357D138CA19D008C3E30 /* PoolsUpdateClock.cpp */; };
		16DF3580138CA1A5008C3E30 /* PoolsUpdateClock.hpp in Headers */ = {isa = PBXBuildFile; fileRef = 16DF357F138CA1A5008C3E30 /* PoolsUpdateClock.hpp */; };
		16E93BF514BBDBAB002B3C9C /* PoolsList.hpp in Headers */ = {isa = PBXBuildFile; fileRef = 16E93BF414BBDBAB002B3C9C /* PoolsList.hpp */; };
		16EECE691126406500465BE0 /* TraceData.hpp in Headers */ = {isa = PBXBuildFile; fileRef = 16EECE681126406500465BE0 /* TraceData.hpp */; };
		16EECE6D1126409800465BE0 /* TraceData.cpp in Sources */ = {isa = PBXBuildFile; fileRef = 16EECE6B1126409800465BE0 /* TraceData.cpp */; };
		16EECE9D1126476E00465BE0 /* TraceDataRepository.cpp in Sources */ = {isa = PBXBuildFile; fileRef = 16EECE9C1126476E00465BE0 /* TraceDataRepository.cpp */; };
		16EECE9F1126479800465BE0 /* TraceDataRepository.hpp in Headers */ = {isa = PBXBuildFile; fileRef = 16EECE9E1126479800465BE0 /* TraceDataRepository.hpp */; };
		16EECEEC11265A1A00465BE0 /* TraceClientCoreModule.hpp in Headers */ = {isa = PBXBuildFile; fileRef = 16EECEEB11265A1A00465BE0 /* TraceClientCoreModule.hpp */; };
		16EECEEE11265BA300465BE0 /* TraceClientCoreModule.cpp in Sources */ = {isa = PBXBuildFile; fileRef = 16EECEED11265BA300465BE0 /* TraceClientCoreModule.cpp */; };
		16EECEF711265D8A00465BE0 /* TracesPool.hpp in Headers */ = {isa = PBXBuildFile; fileRef = 16EECEF611265D8A00465BE0 /* TracesPool.hpp */; };
		16EECEF911265E3800465BE0 /* TracesPool.cpp in Sources */ = {isa = PBXBuildFile; fileRef = 16EECEF811265E3800465BE0 /* TracesPool.cpp */; };
/* End PBXBuildFile section */

/* Begin PBXFileReference section */
		1604112911B1C57E00E3F6AF /* PipeTraceFeeder.hpp */ = {isa = PBXFileReference; fileEncoding = 4; lastKnownFileType = sourcecode.cpp.h; name = PipeTraceFeeder.hpp; path = ../include/PipeTraceFeeder.hpp; sourceTree = SOURCE_ROOT; };
		1604112C11B1C71E00E3F6AF /* PipeTraceFeeder.cpp */ = {isa = PBXFileReference; fileEncoding = 4; lastKnownFileType = sourcecode.cpp.cpp; name = PipeTraceFeeder.cpp; path = ../sources/PipeTraceFeeder.cpp; sourceTree = SOURCE_ROOT; };
		165976FE1127103C00CC718B /* TracesPoolCollection.cpp */ = {isa = PBXFileReference; fileEncoding = 4; lastKnownFileType = sourcecode.cpp.cpp; name = TracesPoolCollection.cpp; path = ../Sources/TracesPoolCollection.cpp; sourceTree = SOURCE_ROOT; };
		165977021127109B00CC718B /* TracesPoolCollection.hpp */ = {isa = PBXFileReference; fileEncoding = 4; lastKnownFileType = sourcecode.cpp.h; name = TracesPoolCollection.hpp; path = ../include/TracesPoolCollection.hpp; sourceTree = SOURCE_ROOT; };
		165CF2DE114D7F49007430AE /* RepositoryObserver.hpp */ = {isa = PBXFileReference; fileEncoding = 4; lastKnownFileType = sourcecode.cpp.h; name = RepositoryObserver.hpp; path = ../include/RepositoryObserver.hpp; sourceTree = SOURCE_ROOT; };
		165CF2E2114D7F53007430AE /* RepositoryObserver.cpp */ = {isa = PBXFileReference; fileEncoding = 4; lastKnownFileType = sourcecode.cpp.cpp; name = RepositoryObserver.cpp; path = ../sources/RepositoryObserver.cpp; sourceTree = SOURCE_ROOT; };
		168CBEE714AA6FA6004FB957 /* TimeStamp.cpp */ = {isa = PBXFileReference; fileEncoding = 4; lastKnownFileType = sourcecode.cpp.cpp; name = TimeStamp.cpp; path = ../sources/TimeStamp.cpp; sourceTree = "<group>"; };
		169387361347ACB000691948 /* RepositoryTraceInserter.cpp */ = {isa = PBXFileReference; fileEncoding = 4; lastKnownFileType = sourcecode.cpp.cpp; name = RepositoryTraceInserter.cpp; path = ../sources/RepositoryTraceInserter.cpp; sourceTree = "<group>"; };
		16A2773A14B23597002D6924 /* PoolsList.cpp */ = {isa = PBXFileReference; fileEncoding = 4; lastKnownFileType = sourcecode.cpp.cpp; name = PoolsList.cpp; path = ../sources/PoolsList.cpp; sourceTree = "<group>"; };
		16A2773C14B2479C002D6924 /* TraceNxStreamReader.hpp */ = {isa = PBXFileReference; fileEncoding = 4; lastKnownFileType = sourcecode.cpp.h; name = TraceNxStreamReader.hpp; path = ../include/TraceNxStreamReader.hpp; sourceTree = "<group>"; };
		16A2773E14B24888002D6924 /* TraceNxStreamReader.cpp */ = {isa = PBXFileReference; fileEncoding = 4; lastKnownFileType = sourcecode.cpp.cpp; name = TraceNxStreamReader.cpp; path = ../sources/TraceNxStreamReader.cpp; sourceTree = "<group>"; };
		16A2774014B24DAE002D6924 /* TcpModule.hpp */ = {isa = PBXFileReference; fileEncoding = 4; lastKnownFileType = sourcecode.cpp.h; name = TcpModule.hpp; path = ../include/TcpModule.hpp; sourceTree = "<group>"; };
		16A2774214B24E48002D6924 /* TcpModule.cpp */ = {isa = PBXFileReference; fileEncoding = 4; lastKnownFileType = sourcecode.cpp.cpp; name = TcpModule.cpp; path = ../sources/TcpModule.cpp; sourceTree = "<group>"; };
		16A2774414B24F9C002D6924 /* TcpTracesReceiver.hpp */ = {isa = PBXFileReference; fileEncoding = 4; lastKnownFileType = sourcecode.cpp.h; name = TcpTracesReceiver.hpp; path = ../include/TcpTracesReceiver.hpp; sourceTree = "<group>"; };
		16A2774614B24FDF002D6924 /* TcpTracesReceivers.hpp */ = {isa = PBXFileReference; fileEncoding = 4; lastKnownFileType = sourcecode.cpp.h; name = TcpTracesReceivers.hpp; path = ../include/TcpTracesReceivers.hpp; sourceTree = "<group>"; };
		16A2774814B2504A002D6924 /* TcpTracesReceivers.cpp */ = {isa = PBXFileReference; fileEncoding = 4; lastKnownFileType = sourcecode.cpp.cpp; name = TcpTracesReceivers.cpp; path = ../sources/TcpTracesReceivers.cpp; sourceTree = "<group>"; };
		16A2774A14B254B3002D6924 /* TcpTracesReceiver.cpp */ = {isa = PBXFileReference; fileEncoding = 4; lastKnownFileType = sourcecode.cpp.cpp; name = TcpTracesReceiver.cpp; path = ../sources/TcpTracesReceiver.cpp; sourceTree = "<group>"; };
		16A563C314BA36A500466A23 /* TraceChannels.hpp */ = {isa = PBXFileReference; fileEncoding = 4; lastKnownFileType = sourcecode.cpp.h; name = TraceChannels.hpp; path = ../include/TraceChannels.hpp; sourceTree = "<group>"; };
		16A563C514BA36E900466A23 /* TraceChannels.cpp */ = {isa = PBXFileReference; fileEncoding = 4; lastKnownFileType = sourcecode.cpp.cpp; name = TraceChannels.cpp; path = ../sources/TraceChannels.cpp; sourceTree = "<group>"; };
		16A563C714BA3CB800466A23 /* TraceChannel.hpp */ = {isa = PBXFileReference; fileEncoding = 4; lastKnownFileType = sourcecode.cpp.h; name = TraceChannel.hpp; path = ../include/TraceChannel.hpp; sourceTree = "<group>"; };
		16A563C914BA3CF100466A23 /* TraceChannel.cpp */ = {isa = PBXFileReference; fileEncoding = 4; lastKnownFileType = sourcecode.cpp.cpp; name = TraceChannel.cpp; path = ../sources/TraceChannel.cpp; sourceTree = "<group>"; };
		16AE9AF011A9D74A0064A5F9 /* TraceFeeder.hpp */ = {isa = PBXFileReference; fileEncoding = 4; lastKnownFileType = sourcecode.cpp.h; name = TraceFeeder.hpp; path = ../include/TraceFeeder.hpp; sourceTree = SOURCE_ROOT; };
		16AE9AF911A9DABA0064A5F9 /* TraceFeeder.cpp */ = {isa = PBXFileReference; fileEncoding = 4; lastKnownFileType = sourcecode.cpp.cpp; name = TraceFeeder.cpp; path = ../sources/TraceFeeder.cpp; sourceTree = SOURCE_ROOT; };
		16AE9B1911A9E7FD0064A5F9 /* TraceInserter.hpp */ = {isa = PBXFileReference; fileEncoding = 4; lastKnownFileType = sourcecode.cpp.h; name = TraceInserter.hpp; path = ../include/TraceInserter.hpp; sourceTree = SOURCE_ROOT; };
		16DF357D138CA19D008C3E30 /* PoolsUpdateClock.cpp */ = {isa = PBXFileReference; fileEncoding = 4; lastKnownFileType = sourcecode.cpp.cpp; name = PoolsUpdateClock.cpp; path = ../sources/PoolsUpdateClock.cpp; sourceTree = "<group>"; };
		16DF357F138CA1A5008C3E30 /* PoolsUpdateClock.hpp */ = {isa = PBXFileReference; fileEncoding = 4; lastKnownFileType = sourcecode.cpp.h; name = PoolsUpdateClock.hpp; path = ../include/PoolsUpdateClock.hpp; sourceTree = "<group>"; };
		16E93BF414BBDBAB002B3C9C /* PoolsList.hpp */ = {isa = PBXFileReference; fileEncoding = 4; lastKnownFileType = sourcecode.cpp.h; name = PoolsList.hpp; path = ../include/DataStruct/PoolsList.hpp; sourceTree = "<group>"; };
		16EECE681126406500465BE0 /* TraceData.hpp */ = {isa = PBXFileReference; fileEncoding = 4; lastKnownFileType = sourcecode.cpp.h; name = TraceData.hpp; path = ../include/TraceData.hpp; sourceTree = SOURCE_ROOT; };
		16EECE6B1126409800465BE0 /* TraceData.cpp */ = {isa = PBXFileReference; fileEncoding = 4; lastKnownFileType = sourcecode.cpp.cpp; name = TraceData.cpp; path = ../Sources/TraceData.cpp; sourceTree = SOURCE_ROOT; };
		16EECE9C1126476E00465BE0 /* TraceDataRepository.cpp */ = {isa = PBXFileReference; fileEncoding = 4; lastKnownFileType = sourcecode.cpp.cpp; name = TraceDataRepository.cpp; path = ../Sources/TraceDataRepository.cpp; sourceTree = SOURCE_ROOT; };
		16EECE9E1126479800465BE0 /* TraceDataRepository.hpp */ = {isa = PBXFileReference; fileEncoding = 4; lastKnownFileType = sourcecode.cpp.h; name = TraceDataRepository.hpp; path = ../include/TraceDataRepository.hpp; sourceTree = SOURCE_ROOT; };
		16EECEEB11265A1A00465BE0 /* TraceClientCoreModule.hpp */ = {isa = PBXFileReference; fileEncoding = 4; lastKnownFileType = sourcecode.cpp.h; name = TraceClientCoreModule.hpp; path = ../include/TraceClientCoreModule.hpp; sourceTree = SOURCE_ROOT; };
		16EECEED11265BA300465BE0 /* TraceClientCoreModule.cpp */ = {isa = PBXFileReference; fileEncoding = 4; lastKnownFileType = sourcecode.cpp.cpp; name = TraceClientCoreModule.cpp; path = ../Sources/TraceClientCoreModule.cpp; sourceTree = SOURCE_ROOT; };
		16EECEF611265D8A00465BE0 /* TracesPool.hpp */ = {isa = PBXFileReference; fileEncoding = 4; lastKnownFileType = sourcecode.cpp.h; name = TracesPool.hpp; path = ../include/TracesPool.hpp; sourceTree = SOURCE_ROOT; };
		16EECEF811265E3800465BE0 /* TracesPool.cpp */ = {isa = PBXFileReference; fileEncoding = 4; lastKnownFileType = sourcecode.cpp.cpp; name = TracesPool.cpp; path = ../Sources/TracesPool.cpp; sourceTree = SOURCE_ROOT; };
		D2AAC046055464E500DB518D /* libTraceClientCore.a */ = {isa = PBXFileReference; explicitFileType = archive.ar; includeInIndex = 0; path = libTraceClientCore.a; sourceTree = BUILT_PRODUCTS_DIR; };
/* End PBXFileReference section */

/* Begin PBXFrameworksBuildPhase section */
		D289987405E68DCB004EDB86 /* Frameworks */ = {
			isa = PBXFrameworksBuildPhase;
			buildActionMask = 2147483647;
			files = (
			);
			runOnlyForDeploymentPostprocessing = 0;
		};
/* End PBXFrameworksBuildPhase section */

/* Begin PBXGroup section */
		08FB7794FE84155DC02AAC07 /* TraceClientCore */ = {
			isa = PBXGroup;
			children = (
				08FB7795FE84155DC02AAC07 /* Source */,
				1AB674ADFE9D54B511CA2CBB /* Products */,
			);
			name = TraceClientCore;
			sourceTree = "<group>";
		};
		08FB7795FE84155DC02AAC07 /* Source */ = {
			isa = PBXGroup;
			children = (
				16AE9AED11A9D6160064A5F9 /* Feeders */,
				165977AF1128406B00CC718B /* Repository Links */,
				168CBEE714AA6FA6004FB957 /* TimeStamp.cpp */,
				16EECE681126406500465BE0 /* TraceData.hpp */,
				16EECE6B1126409800465BE0 /* TraceData.cpp */,
				16EECE9C1126476E00465BE0 /* TraceDataRepository.cpp */,
				16EECE9E1126479800465BE0 /* TraceDataRepository.hpp */,
				16EECEEB11265A1A00465BE0 /* TraceClientCoreModule.hpp */,
				16EECEED11265BA300465BE0 /* TraceClientCoreModule.cpp */,
				16EECEF611265D8A00465BE0 /* TracesPool.hpp */,
				16EECEF811265E3800465BE0 /* TracesPool.cpp */,
				165977021127109B00CC718B /* TracesPoolCollection.hpp */,
				165976FE1127103C00CC718B /* TracesPoolCollection.cpp */,
				16DF357F138CA1A5008C3E30 /* PoolsUpdateClock.hpp */,
				16DF357D138CA19D008C3E30 /* PoolsUpdateClock.cpp */,
				16E93BF414BBDBAB002B3C9C /* PoolsList.hpp */,
				16A2773A14B23597002D6924 /* PoolsList.cpp */,
				16A2774014B24DAE002D6924 /* TcpModule.hpp */,
				16A2774214B24E48002D6924 /* TcpModule.cpp */,
				16A2774414B24F9C002D6924 /* TcpTracesReceiver.hpp */,
				16A2774A14B254B3002D6924 /* TcpTracesReceiver.cpp */,
				16A2774614B24FDF002D6924 /* TcpTracesReceivers.hpp */,
				16A2774814B2504A002D6924 /* TcpTracesReceivers.cpp */,
				16A563C314BA36A500466A23 /* TraceChannels.hpp */,
				16A563C514BA36E900466A23 /* TraceChannels.cpp */,
				16A563C714BA3CB800466A23 /* TraceChannel.hpp */,
				16A563C914BA3CF100466A23 /* TraceChannel.cpp */,
			);
			name = Source;
			sourceTree = "<group>";
		};
		165977AF1128406B00CC718B /* Repository Links */ = {
			isa = PBXGroup;
			children = (
				169387361347ACB000691948 /* RepositoryTraceInserter.cpp */,
				165CF2DE114D7F49007430AE /* RepositoryObserver.hpp */,
				165CF2E2114D7F53007430AE /* RepositoryObserver.cpp */,
			);
			name = "Repository Links";
			sourceTree = "<group>";
		};
		16AE9AED11A9D6160064A5F9 /* Feeders */ = {
			isa = PBXGroup;
			children = (
				16AE9AF011A9D74A0064A5F9 /* TraceFeeder.hpp */,
				16AE9AF911A9DABA0064A5F9 /* TraceFeeder.cpp */,
				16AE9B1911A9E7FD0064A5F9 /* TraceInserter.hpp */,
				1604112911B1C57E00E3F6AF /* PipeTraceFeeder.hpp */,
				1604112C11B1C71E00E3F6AF /* PipeTraceFeeder.cpp */,
				16A2773C14B2479C002D6924 /* TraceNxStreamReader.hpp */,
				16A2773E14B24888002D6924 /* TraceNxStreamReader.cpp */,
			);
			name = Feeders;
			sourceTree = "<group>";
		};
		1AB674ADFE9D54B511CA2CBB /* Products */ = {
			isa = PBXGroup;
			children = (
				D2AAC046055464E500DB518D /* libTraceClientCore.a */,
			);
			name = Products;
			sourceTree = "<group>";
		};
/* End PBXGroup section */

/* Begin PBXHeadersBuildPhase section */
		D2AAC043055464E500DB518D /* Headers */ = {
			isa = PBXHeadersBuildPhase;
			buildActionMask = 2147483647;
			files = (
				16EECE691126406500465BE0 /* TraceData.hpp in Headers */,
				16EECE9F1126479800465BE0 /* TraceDataRepository.hpp in Headers */,
				16EECEEC11265A1A00465BE0 /* TraceClientCoreModule.hpp in Headers */,
				16EECEF711265D8A00465BE0 /* TracesPool.hpp in Headers */,
				165977031127109B00CC718B /* TracesPoolCollection.hpp in Headers */,
				165CF2E0114D7F49007430AE /* RepositoryObserver.hpp in Headers */,
				16AE9AF111A9D74A0064A5F9 /* TraceFeeder.hpp in Headers */,
				16AE9B1A11A9E7FD0064A5F9 /* TraceInserter.hpp in Headers */,
				1604112A11B1C57E00E3F6AF /* PipeTraceFeeder.hpp in Headers */,
				16DF3580138CA1A5008C3E30 /* PoolsUpdateClock.hpp in Headers */,
				16A2773D14B2479C002D6924 /* TraceNxStreamReader.hpp in Headers */,
				16A2774114B24DAE002D6924 /* TcpModule.hpp in Headers */,
				16A2774514B24F9D002D6924 /* TcpTracesReceiver.hpp in Headers */,
				16A2774714B24FDF002D6924 /* TcpTracesReceivers.hpp in Headers */,
				16A563C414BA36A500466A23 /* TraceChannels.hpp in Headers */,
				16A563C814BA3CB800466A23 /* TraceChannel.hpp in Headers */,
				16E93BF514BBDBAB002B3C9C /* PoolsList.hpp in Headers */,
			);
			runOnlyForDeploymentPostprocessing = 0;
		};
/* End PBXHeadersBuildPhase section */

/* Begin PBXNativeTarget section */
		D2AAC045055464E500DB518D /* TraceClientCore */ = {
			isa = PBXNativeTarget;
			buildConfigurationList = 1DEB91EB08733DB70010E9CD /* Build configuration list for PBXNativeTarget "TraceClientCore" */;
			buildPhases = (
				D2AAC043055464E500DB518D /* Headers */,
				D2AAC044055464E500DB518D /* Sources */,
				D289987405E68DCB004EDB86 /* Frameworks */,
			);
			buildRules = (
			);
			dependencies = (
			);
			name = TraceClientCore;
			productName = TraceClientCore;
			productReference = D2AAC046055464E500DB518D /* libTraceClientCore.a */;
			productType = "com.apple.product-type.library.static";
		};
/* End PBXNativeTarget section */

/* Begin PBXProject section */
		08FB7793FE84155DC02AAC07 /* Project object */ = {
			isa = PBXProject;
			attributes = {
				LastUpgradeCheck = 0410;
			};
			buildConfigurationList = 1DEB91EF08733DB70010E9CD /* Build configuration list for PBXProject "TraceClientCore" */;
			compatibilityVersion = "Xcode 3.2";
			developmentRegion = English;
			hasScannedForEncodings = 1;
			knownRegions = (
				English,
				Japanese,
				French,
				German,
			);
			mainGroup = 08FB7794FE84155DC02AAC07 /* TraceClientCore */;
			projectDirPath = "";
			projectRoot = "";
			targets = (
				D2AAC045055464E500DB518D /* TraceClientCore */,
			);
		};
/* End PBXProject section */

/* Begin PBXSourcesBuildPhase section */
		D2AAC044055464E500DB518D /* Sources */ = {
			isa = PBXSourcesBuildPhase;
			buildActionMask = 2147483647;
			files = (
				16EECE6D1126409800465BE0 /* TraceData.cpp in Sources */,
				16EECE9D1126476E00465BE0 /* TraceDataRepository.cpp in Sources */,
				16EECEEE11265BA300465BE0 /* TraceClientCoreModule.cpp in Sources */,
				16EECEF911265E3800465BE0 /* TracesPool.cpp in Sources */,
				165976FF1127103C00CC718B /* TracesPoolCollection.cpp in Sources */,
				165CF2E4114D7F53007430AE /* RepositoryObserver.cpp in Sources */,
				16AE9AFA11A9DABA0064A5F9 /* TraceFeeder.cpp in Sources */,
				1604112D11B1C71E00E3F6AF /* PipeTraceFeeder.cpp in Sources */,
				169387371347ACB000691948 /* RepositoryTraceInserter.cpp in Sources */,
				16DF357E138CA19D008C3E30 /* PoolsUpdateClock.cpp in Sources */,
				168CBEE814AA6FA6004FB957 /* TimeStamp.cpp in Sources */,
				16A2773B14B23597002D6924 /* PoolsList.cpp in Sources */,
				16A2773F14B24888002D6924 /* TraceNxStreamReader.cpp in Sources */,
				16A2774314B24E48002D6924 /* TcpModule.cpp in Sources */,
				16A2774914B2504A002D6924 /* TcpTracesReceivers.cpp in Sources */,
				16A2774B14B254B3002D6924 /* TcpTracesReceiver.cpp in Sources */,
				16A563C614BA36E900466A23 /* TraceChannels.cpp in Sources */,
				16A563CA14BA3CF100466A23 /* TraceChannel.cpp in Sources */,
			);
			runOnlyForDeploymentPostprocessing = 0;
		};
/* End PBXSourcesBuildPhase section */

/* Begin XCBuildConfiguration section */
		1DEB91EC08733DB70010E9CD /* Debug */ = {
			isa = XCBuildConfiguration;
			buildSettings = {
				ALWAYS_SEARCH_USER_PATHS = NO;
				ARCHS = "$(ARCHS_STANDARD_32_64_BIT)";
				COPY_PHASE_STRIP = NO;
				DEBUG_INFORMATION_FORMAT = "dwarf-with-dsym";
				GCC_DYNAMIC_NO_PIC = NO;
				GCC_MODEL_TUNING = G5;
				GCC_OPTIMIZATION_LEVEL = 0;
				INSTALL_PATH = /usr/local/lib;
				PRODUCT_NAME = TraceClientCore;
			};
			name = Debug;
		};
		1DEB91ED08733DB70010E9CD /* Release */ = {
			isa = XCBuildConfiguration;
			buildSettings = {
				ALWAYS_SEARCH_USER_PATHS = NO;
				ARCHS = "$(ARCHS_STANDARD_32_64_BIT)";
				DEBUG_INFORMATION_FORMAT = "dwarf-with-dsym";
				GCC_MODEL_TUNING = G5;
				INSTALL_PATH = /usr/local/lib;
				PRODUCT_NAME = TraceClientCore;
			};
			name = Release;
		};
		1DEB91F008733DB70010E9CD /* Debug */ = {
			isa = XCBuildConfiguration;
			buildSettings = {
				ARCHS = "$(ARCHS_STANDARD_32_64_BIT)";
				CONFIGURATION_BUILD_DIR = "../../lib/OSX/$(CONFIGURATION)$(EFFECTIVE_PLATFORM_NAME)";
				DEBUG_INFORMATION_FORMAT = "dwarf-with-dsym";
				GCC_C_LANGUAGE_STANDARD = gnu99;
				GCC_OPTIMIZATION_LEVEL = 0;
				GCC_SYMBOLS_PRIVATE_EXTERN = NO;
				GCC_WARN_ABOUT_RETURN_TYPE = YES;
				GCC_WARN_UNUSED_VARIABLE = YES;
				HEADER_SEARCH_PATHS = (
					../include,
					"$(NyxPath)/include",
					"$(NyxPath)/include/OSX",
					"$(NyxPath)/include/NyxNet",
				);
				NyxPath = ../../../Nyx;
				ONLY_ACTIVE_ARCH = NO;
				SDKROOT = "";
			};
			name = Debug;
		};
		1DEB91F108733DB70010E9CD /* Release */ = {
			isa = XCBuildConfiguration;
			buildSettings = {
				ARCHS = "$(ARCHS_STANDARD_32_64_BIT)";
				CONFIGURATION_BUILD_DIR = "../../lib/OSX/$(CONFIGURATION)";
				DEBUG_INFORMATION_FORMAT = "dwarf-with-dsym";
				GCC_C_LANGUAGE_STANDARD = gnu99;
				GCC_SYMBOLS_PRIVATE_EXTERN = NO;
				GCC_WARN_ABOUT_RETURN_TYPE = YES;
				GCC_WARN_UNUSED_VARIABLE = YES;
				HEADER_SEARCH_PATHS = (
					../include,
					"$(NyxPath)/include",
					"$(NyxPath)/include/OSX",
					"$(NyxPath)/include/NyxNet",
				);
				NyxPath = ../../../Nyx;
				SDKROOT = "";
			};
			name = Release;
		};
/* End XCBuildConfiguration section */

/* Begin XCConfigurationList section */
		1DEB91EB08733DB70010E9CD /* Build configuration list for PBXNativeTarget "TraceClientCore" */ = {
			isa = XCConfigurationList;
			buildConfigurations = (
				1DEB91EC08733DB70010E9CD /* Debug */,
				1DEB91ED08733DB70010E9CD /* Release */,
			);
			defaultConfigurationIsVisible = 0;
			defaultConfigurationName = Release;
		};
		1DEB91EF08733DB70010E9CD /* Build configuration list for PBXProject "TraceClientCore" */ = {
			isa = XCConfigurationList;
			buildConfigurations = (
				1DEB91F008733DB70010E9CD /* Debug */,
				1DEB91F108733DB70010E9CD /* Release */,
			);
			defaultConfigurationIsVisible = 0;
			defaultConfigurationName = Release;
		};
/* End XCConfigurationList section */
	};
	rootObject = 08FB7793FE84155DC02AAC07 /* Project object */;
}
