
Microsoft Visual Studio Solution File, Format Version 9.00
# Visual Studio 2005
Project("{8BC9CEB8-8B4A-11D0-8D11-00A0C91BC942}") = "TraceViewerFeeder", "TraceViewerFeeder.vcproj", "{0AC26609-D2A3-4BE3-8C52-AF3F78A7A1F0}"
EndProject
Project("{8BC9CEB8-8B4A-11D0-8D11-00A0C91BC942}") = "DllFeed", "DllFeed\DllFeed.vcproj", "{21E25CDD-85AF-4C81-B17E-D76778C63CA6}"
EndProject
Global
	GlobalSection(SolutionConfigurationPlatforms) = preSolution
		Debug|Win32 = Debug|Win32
		Release|Win32 = Release|Win32
	EndGlobalSection
	GlobalSection(ProjectConfigurationPlatforms) = postSolution
		{0AC26609-D2A3-4BE3-8C52-AF3F78A7A1F0}.Debug|Win32.ActiveCfg = Debug|Win32
		{0AC26609-D2A3-4BE3-8C52-AF3F78A7A1F0}.Debug|Win32.Build.0 = Debug|Win32
		{0AC26609-D2A3-4BE3-8C52-AF3F78A7A1F0}.Release|Win32.ActiveCfg = Release|Win32
		{0AC26609-D2A3-4BE3-8C52-AF3F78A7A1F0}.Release|Win32.Build.0 = Release|Win32
		{21E25CDD-85AF-4C81-B17E-D76778C63CA6}.Debug|Win32.ActiveCfg = Debug|Win32
		{21E25CDD-85AF-4C81-B17E-D76778C63CA6}.Debug|Win32.Build.0 = Debug|Win32
		{21E25CDD-85AF-4C81-B17E-D76778C63CA6}.Release|Win32.ActiveCfg = Release|Win32
		{21E25CDD-85AF-4C81-B17E-D76778C63CA6}.Release|Win32.Build.0 = Release|Win32
	EndGlobalSection
	GlobalSection(SolutionProperties) = preSolution
		HideSolutionNode = FALSE
	EndGlobalSection
EndGlobal
