
Microsoft Visual Studio Solution File, Format Version 9.00
# Visual Studio 2005
Project("{8BC9CEB8-8B4A-11D0-8D11-00A0C91BC942}") = "QtTraceClient", "QtTraceClient.vcproj", "{D567DD70-E38F-367D-8DB4-E82667C00BB4}"
	ProjectSection(ProjectDependencies) = postProject
		{FD79015E-445F-48B2-9C6A-C7B7B922A78F} = {FD79015E-445F-48B2-9C6A-C7B7B922A78F}
		{B0E3417B-C412-4696-929E-1DED4FE7DAD7} = {B0E3417B-C412-4696-929E-1DED4FE7DAD7}
		{25483872-8D29-414A-A694-FC0EBA4F38E8} = {25483872-8D29-414A-A694-FC0EBA4F38E8}
	EndProjectSection
EndProject
Project("{8BC9CEB8-8B4A-11D0-8D11-00A0C91BC942}") = "TraceClientCore", "..\TraceClientCore\Win32\TraceClientCore.vcproj", "{25483872-8D29-414A-A694-FC0EBA4F38E8}"
EndProject
Project("{8BC9CEB8-8B4A-11D0-8D11-00A0C91BC942}") = "NyxBase_Win32", "..\..\NyxLibs\NyxBase\NyxBase_Win32\NyxBase_Win32.vcproj", "{B0E3417B-C412-4696-929E-1DED4FE7DAD7}"
EndProject
Project("{8BC9CEB8-8B4A-11D0-8D11-00A0C91BC942}") = "NyxNet", "..\..\NyxLibs\NyxNet\Win32\NyxNet.vcproj", "{FD79015E-445F-48B2-9C6A-C7B7B922A78F}"
EndProject
Global
	GlobalSection(SolutionConfigurationPlatforms) = preSolution
		Debug|Win32 = Debug|Win32
		DebugCLR|Win32 = DebugCLR|Win32
		Release|Win32 = Release|Win32
		ReleaseCLR|Win32 = ReleaseCLR|Win32
	EndGlobalSection
	GlobalSection(ProjectConfigurationPlatforms) = postSolution
		{D567DD70-E38F-367D-8DB4-E82667C00BB4}.Debug|Win32.ActiveCfg = Debug|Win32
		{D567DD70-E38F-367D-8DB4-E82667C00BB4}.Debug|Win32.Build.0 = Debug|Win32
		{D567DD70-E38F-367D-8DB4-E82667C00BB4}.DebugCLR|Win32.ActiveCfg = Debug|Win32
		{D567DD70-E38F-367D-8DB4-E82667C00BB4}.DebugCLR|Win32.Build.0 = Debug|Win32
		{D567DD70-E38F-367D-8DB4-E82667C00BB4}.Release|Win32.ActiveCfg = Release|Win32
		{D567DD70-E38F-367D-8DB4-E82667C00BB4}.Release|Win32.Build.0 = Release|Win32
		{D567DD70-E38F-367D-8DB4-E82667C00BB4}.ReleaseCLR|Win32.ActiveCfg = Release|Win32
		{D567DD70-E38F-367D-8DB4-E82667C00BB4}.ReleaseCLR|Win32.Build.0 = Release|Win32
		{25483872-8D29-414A-A694-FC0EBA4F38E8}.Debug|Win32.ActiveCfg = Debug|Win32
		{25483872-8D29-414A-A694-FC0EBA4F38E8}.Debug|Win32.Build.0 = Debug|Win32
		{25483872-8D29-414A-A694-FC0EBA4F38E8}.DebugCLR|Win32.ActiveCfg = Debug|Win32
		{25483872-8D29-414A-A694-FC0EBA4F38E8}.DebugCLR|Win32.Build.0 = Debug|Win32
		{25483872-8D29-414A-A694-FC0EBA4F38E8}.Release|Win32.ActiveCfg = Release|Win32
		{25483872-8D29-414A-A694-FC0EBA4F38E8}.Release|Win32.Build.0 = Release|Win32
		{25483872-8D29-414A-A694-FC0EBA4F38E8}.ReleaseCLR|Win32.ActiveCfg = Release|Win32
		{25483872-8D29-414A-A694-FC0EBA4F38E8}.ReleaseCLR|Win32.Build.0 = Release|Win32
		{B0E3417B-C412-4696-929E-1DED4FE7DAD7}.Debug|Win32.ActiveCfg = Debug|Win32
		{B0E3417B-C412-4696-929E-1DED4FE7DAD7}.Debug|Win32.Build.0 = Debug|Win32
		{B0E3417B-C412-4696-929E-1DED4FE7DAD7}.DebugCLR|Win32.ActiveCfg = DebugCLR|Win32
		{B0E3417B-C412-4696-929E-1DED4FE7DAD7}.DebugCLR|Win32.Build.0 = DebugCLR|Win32
		{B0E3417B-C412-4696-929E-1DED4FE7DAD7}.Release|Win32.ActiveCfg = Release|Win32
		{B0E3417B-C412-4696-929E-1DED4FE7DAD7}.Release|Win32.Build.0 = Release|Win32
		{B0E3417B-C412-4696-929E-1DED4FE7DAD7}.ReleaseCLR|Win32.ActiveCfg = ReleaseCLR|Win32
		{B0E3417B-C412-4696-929E-1DED4FE7DAD7}.ReleaseCLR|Win32.Build.0 = ReleaseCLR|Win32
		{FD79015E-445F-48B2-9C6A-C7B7B922A78F}.Debug|Win32.ActiveCfg = Debug|Win32
		{FD79015E-445F-48B2-9C6A-C7B7B922A78F}.Debug|Win32.Build.0 = Debug|Win32
		{FD79015E-445F-48B2-9C6A-C7B7B922A78F}.DebugCLR|Win32.ActiveCfg = DebugCLR|Win32
		{FD79015E-445F-48B2-9C6A-C7B7B922A78F}.DebugCLR|Win32.Build.0 = DebugCLR|Win32
		{FD79015E-445F-48B2-9C6A-C7B7B922A78F}.Release|Win32.ActiveCfg = Release|Win32
		{FD79015E-445F-48B2-9C6A-C7B7B922A78F}.Release|Win32.Build.0 = Release|Win32
		{FD79015E-445F-48B2-9C6A-C7B7B922A78F}.ReleaseCLR|Win32.ActiveCfg = ReleaseCLR|Win32
		{FD79015E-445F-48B2-9C6A-C7B7B922A78F}.ReleaseCLR|Win32.Build.0 = ReleaseCLR|Win32
	EndGlobalSection
	GlobalSection(SolutionProperties) = preSolution
		HideSolutionNode = FALSE
	EndGlobalSection
	GlobalSection(ExtensibilityGlobals) = postSolution
		QtVersion = 4.6.3-vc
	EndGlobalSection
EndGlobal
